{
  "version": 4,
  "terraform_version": "1.5.7",
  "serial": 202,
  "lineage": "01da1878-3f1f-670d-a495-30d08918ad97",
  "outputs": {},
  "resources": [
    {
      "module": "module.oke",
      "mode": "data",
      "type": "oci_containerengine_cluster_kube_config",
      "name": "oke_cluster_kube_config",
      "provider": "provider[\"registry.terraform.io/hashicorp/oci\"]",
      "instances": [
        {
          "schema_version": 0,
          "attributes": {
            "cluster_id": "ocid1.cluster.oc1.eu-frankfurt-1.aaaaaaaaaww5nxmtg4rtmrfuaqcanscdwrqssa4ujlxqk5j6scb6aytjnqla",
            "content": "---\napiVersion: v1\nkind: \"\"\nclusters:\n- name: cluster-cb6aytjnqla\n  cluster:\n    server: https://141.147.49.167:6443\n    certificate-authority-data: LS0tLS1CRUdJTiBDRVJUSUZJQ0FURS0tLS0tCk1JSURpVENDQW5HZ0F3SUJBZ0lSQU8rS0Z0d0pmUTkxdDBCbUk1dmNlRG93RFFZSktvWklodmNOQVFFTEJRQXcKWGpFUE1BMEdBMVVFQXd3R1N6aHpJRU5CTVFzd0NRWURWUVFHRXdKVlV6RVBNQTBHQTFVRUJ3d0dRWFZ6ZEdsdQpNUTh3RFFZRFZRUUtEQVpQY21GamJHVXhEREFLQmdOVkJBc01BMDlqYVRFT01Bd0dBMVVFQ0F3RlZHVjRZWE13CkhoY05NalF4TURFMU1Ea3hNVEUyV2hjTk1qa3hNREUxTURreE1URTJXakJlTVE4d0RRWURWUVFEREFaTE9ITWcKUTBFeEN6QUpCZ05WQkFZVEFsVlRNUTh3RFFZRFZRUUhEQVpCZFhOMGFXNHhEekFOQmdOVkJBb01Cazl5WVdOcwpaVEVNTUFvR0ExVUVDd3dEVDJOcE1RNHdEQVlEVlFRSURBVlVaWGhoY3pDQ0FTSXdEUVlKS29aSWh2Y05BUUVCCkJRQURnZ0VQQURDQ0FRb0NnZ0VCQUtmditLZ2hQWU9Jc0l3QTNWR3JZYzNaMmt2NWFqekYyUGdYekNDbzIvTEsKSmxwS0ZDaStWdzYvYnJHL0kzbTRPYk5YU0R6TG1MY0VTRWRIUlJQbzlMTXJ1UE5vRmhFcFo1eHJTSTdkblY0OApjU2ZXb2Fncjc1NFQvRE5uRjhwaGJMRzMvSDhHRm95Q2FwRmhtRkt6enB2L1RDT3FYOWhkSVV1OE4xZE12c25OCjNjWUNGeTdvVWJvMHlVZjZpcytrNERCcXUzOTEyRjR1UTlQQUJyWXI4NXdBZEJrZUhpcHdFT2lKQ1EzT3pQZk4KY2dUcjZEaGw4bEM0WG1FZ3BFYjBTMW1hN3plMmNEc0FUNVZuNmQ2SkF4cHA3TE4wYUR1U2x4ZXhpejlJUktzegpjQnZubDZPWW1reGRBZkppalluYTQ2T0tuRHhuZlhDQ2ZrVzFhL3NzWUVFQ0F3RUFBYU5DTUVBd0R3WURWUjBUCkFRSC9CQVV3QXdFQi96QU9CZ05WSFE4QkFmOEVCQU1DQVFZd0hRWURWUjBPQkJZRUZCd3R3bkFrSVZaelVNWTMKa1BxWWxlMG4zcDFMTUEwR0NTcUdTSWIzRFFFQkN3VUFBNElCQVFDTWViRFNEalQ3d1p0eWRDNXNlMTFEODg2egpJV01LR3g4U2dBVXRWS0FJUG1HclNsb1BnSlltQURQZFdoSUdlRUY3NTMxbi9LU1UvSDJ1S2VJci9zajhZNk56ClNiOUtWbXlqNFRPRlREZ0FBaHFXejBMWHJhR2VISVQwb2hCRDZqNEVySGJWdFh3T2I5N2pNY3Z4UHZvMGhvTHAKcEhjcUVJYStkRlByZkNvWVZoWnRTeXJ0d1dwajhUbDNnNlpFZk1IazRnbEtJM3Z1Z041KzJST2YzNVc5Y3pkRgpNM0tLelRQU1J4ejY4OVBXS0hUYnF3dnRtaWk0TEdEaFNNZXNZOGcvV3U0c3B1NllldDMza0tOaktsMEZ6ZEh6ClRzZFNudGF0SnpKSXdDSktPeEw5b3ZyRUVCdWRrbWdQSjZjUml1SURVQS9BZXAwRHlmL2dKMElLMVIyNAotLS0tLUVORCBDRVJUSUZJQ0FURS0tLS0tCg==\nusers:\n- name: user-cb6aytjnqla\n  user:\n    exec:\n      apiVersion: client.authentication.k8s.io/v1beta1\n      command: oci\n      args:\n      - ce\n      - cluster\n      - generate-token\n      - --cluster-id\n      - ocid1.cluster.oc1.eu-frankfurt-1.aaaaaaaaaww5nxmtg4rtmrfuaqcanscdwrqssa4ujlxqk5j6scb6aytjnqla\n      - --region\n      - eu-frankfurt-1\n      env: []\ncontexts:\n- name: context-cb6aytjnqla\n  context:\n    cluster: cluster-cb6aytjnqla\n    user: user-cb6aytjnqla\ncurrent-context: context-cb6aytjnqla\n",
            "endpoint": null,
            "expiration": null,
            "id": "ContainerengineClusterKubeConfigDataSource-1748998649",
            "token_version": null
          },
          "sensitive_attributes": []
        }
      ]
    },
    {
      "module": "module.oke",
      "mode": "managed",
      "type": "local_file",
      "name": "kubeconfig",
      "provider": "provider[\"registry.terraform.io/hashicorp/local\"]",
      "instances": [
        {
          "schema_version": 0,
          "attributes": {
            "content": "---\napiVersion: v1\nkind: \"\"\nclusters:\n- name: cluster-cb6aytjnqla\n  cluster:\n    server: https://141.147.49.167:6443\n    certificate-authority-data: LS0tLS1CRUdJTiBDRVJUSUZJQ0FURS0tLS0tCk1JSURpVENDQW5HZ0F3SUJBZ0lSQU8rS0Z0d0pmUTkxdDBCbUk1dmNlRG93RFFZSktvWklodmNOQVFFTEJRQXcKWGpFUE1BMEdBMVVFQXd3R1N6aHpJRU5CTVFzd0NRWURWUVFHRXdKVlV6RVBNQTBHQTFVRUJ3d0dRWFZ6ZEdsdQpNUTh3RFFZRFZRUUtEQVpQY21GamJHVXhEREFLQmdOVkJBc01BMDlqYVRFT01Bd0dBMVVFQ0F3RlZHVjRZWE13CkhoY05NalF4TURFMU1Ea3hNVEUyV2hjTk1qa3hNREUxTURreE1URTJXakJlTVE4d0RRWURWUVFEREFaTE9ITWcKUTBFeEN6QUpCZ05WQkFZVEFsVlRNUTh3RFFZRFZRUUhEQVpCZFhOMGFXNHhEekFOQmdOVkJBb01Cazl5WVdOcwpaVEVNTUFvR0ExVUVDd3dEVDJOcE1RNHdEQVlEVlFRSURBVlVaWGhoY3pDQ0FTSXdEUVlKS29aSWh2Y05BUUVCCkJRQURnZ0VQQURDQ0FRb0NnZ0VCQUtmditLZ2hQWU9Jc0l3QTNWR3JZYzNaMmt2NWFqekYyUGdYekNDbzIvTEsKSmxwS0ZDaStWdzYvYnJHL0kzbTRPYk5YU0R6TG1MY0VTRWRIUlJQbzlMTXJ1UE5vRmhFcFo1eHJTSTdkblY0OApjU2ZXb2Fncjc1NFQvRE5uRjhwaGJMRzMvSDhHRm95Q2FwRmhtRkt6enB2L1RDT3FYOWhkSVV1OE4xZE12c25OCjNjWUNGeTdvVWJvMHlVZjZpcytrNERCcXUzOTEyRjR1UTlQQUJyWXI4NXdBZEJrZUhpcHdFT2lKQ1EzT3pQZk4KY2dUcjZEaGw4bEM0WG1FZ3BFYjBTMW1hN3plMmNEc0FUNVZuNmQ2SkF4cHA3TE4wYUR1U2x4ZXhpejlJUktzegpjQnZubDZPWW1reGRBZkppalluYTQ2T0tuRHhuZlhDQ2ZrVzFhL3NzWUVFQ0F3RUFBYU5DTUVBd0R3WURWUjBUCkFRSC9CQVV3QXdFQi96QU9CZ05WSFE4QkFmOEVCQU1DQVFZd0hRWURWUjBPQkJZRUZCd3R3bkFrSVZaelVNWTMKa1BxWWxlMG4zcDFMTUEwR0NTcUdTSWIzRFFFQkN3VUFBNElCQVFDTWViRFNEalQ3d1p0eWRDNXNlMTFEODg2egpJV01LR3g4U2dBVXRWS0FJUG1HclNsb1BnSlltQURQZFdoSUdlRUY3NTMxbi9LU1UvSDJ1S2VJci9zajhZNk56ClNiOUtWbXlqNFRPRlREZ0FBaHFXejBMWHJhR2VISVQwb2hCRDZqNEVySGJWdFh3T2I5N2pNY3Z4UHZvMGhvTHAKcEhjcUVJYStkRlByZkNvWVZoWnRTeXJ0d1dwajhUbDNnNlpFZk1IazRnbEtJM3Z1Z041KzJST2YzNVc5Y3pkRgpNM0tLelRQU1J4ejY4OVBXS0hUYnF3dnRtaWk0TEdEaFNNZXNZOGcvV3U0c3B1NllldDMza0tOaktsMEZ6ZEh6ClRzZFNudGF0SnpKSXdDSktPeEw5b3ZyRUVCdWRrbWdQSjZjUml1SURVQS9BZXAwRHlmL2dKMElLMVIyNAotLS0tLUVORCBDRVJUSUZJQ0FURS0tLS0tCg==\nusers:\n- name: user-cb6aytjnqla\n  user:\n    exec:\n      apiVersion: client.authentication.k8s.io/v1beta1\n      command: oci\n      args:\n      - ce\n      - cluster\n      - generate-token\n      - --cluster-id\n      - ocid1.cluster.oc1.eu-frankfurt-1.aaaaaaaaaww5nxmtg4rtmrfuaqcanscdwrqssa4ujlxqk5j6scb6aytjnqla\n      - --region\n      - eu-frankfurt-1\n      env: []\ncontexts:\n- name: context-cb6aytjnqla\n  context:\n    cluster: cluster-cb6aytjnqla\n    user: user-cb6aytjnqla\ncurrent-context: context-cb6aytjnqla\n",
            "content_base64": null,
            "content_base64sha256": "mZ66rFO52mT8+k0WfC094OPSV5wylVvOv3FSl7Few/A=",
            "content_base64sha512": "soND7NrYszqiOfzSTMs0o7yG//nBNe8J+1ZGEH0XEZ9PjqpmJhskSXHTVXjWdl+0aNhYaLs1vfu4D7M9s8FqLw==",
            "content_md5": "717a728f90a3419d5f7720282d3d3761",
            "content_sha1": "4f5470b193efbc475b72a09f1c5443109603fcb5",
            "content_sha256": "999ebaac53b9da64fcfa4d167c2d3de0e3d2579c32955bcebf715297b15ec3f0",
            "content_sha512": "b28343ecdad8b33aa239fcd24ccb34a3bc86fff9c135ef09fb5646107d17119f4f8eaa66261b244971d35578d6765fb468d85868bb35bdfbb80fb33db3c16a2f",
            "directory_permission": "0777",
            "file_permission": "0777",
            "filename": "./kubeconfig",
            "id": "4f5470b193efbc475b72a09f1c5443109603fcb5",
            "sensitive_content": null,
            "source": null
          },
          "sensitive_attributes": [],
          "dependencies": [
            "module.oke.data.oci_containerengine_cluster_kube_config.oke_cluster_kube_config",
            "module.oke.oci_containerengine_cluster.oke_cluster",
            "module.vcn.oci_core_default_route_table.public_route_table",
            "module.vcn.oci_core_internet_gateway.ig",
            "module.vcn.oci_core_security_list.kubernetes_api_endpoint_sec_list",
            "module.vcn.oci_core_security_list.service_lb_sec_list",
            "module.vcn.oci_core_subnet.kubernetes_api_endpoint_subnet",
            "module.vcn.oci_core_subnet.service_lb_subnet",
            "module.vcn.oci_core_vcn.vcn"
          ]
        }
      ]
    },
    {
      "module": "module.oke",
      "mode": "managed",
      "type": "oci_containerengine_cluster",
      "name": "oke_cluster",
      "provider": "provider[\"registry.terraform.io/hashicorp/oci\"]",
      "instances": [
        {
          "schema_version": 0,
          "attributes": {
            "available_kubernetes_upgrades": [],
            "cluster_pod_network_options": [
              {
                "cni_type": "FLANNEL_OVERLAY"
              }
            ],
            "compartment_id": "ocid1.compartment.oc1..aaaaaaaaancwtscymcqte5ejuwjta64jdkedgv7rh3gvulu5csumeh6upfpq",
            "defined_tags": {
              "Owner.Creator": "oracleidentitycloudservice/uzi.yossef@oracle.com",
              "Schedule.WeekDay": "0,0,0,0,0,1,1,1,1,1,1,1,1,1,1,1,1,0,0,0,0,0,0,0",
              "Schedule.Weekend": "0,0,0,0,0,0,0,0,0,0,0,0,0,0,0,0,0,0,0,0,0,0,0,0"
            },
            "endpoint_config": [
              {
                "is_public_ip_enabled": true,
                "nsg_ids": [],
                "subnet_id": "ocid1.subnet.oc1.eu-frankfurt-1.aaaaaaaayo22h4tjqzcwngvfi2743gotm3zf7wapiya4kytbbg7imfbegjsa"
              }
            ],
            "endpoints": [
              {
                "kubernetes": "",
                "private_endpoint": "10.0.0.5:6443",
                "public_endpoint": "141.147.49.167:6443",
                "vcn_hostname_endpoint": "cb6aytjnqla.k8sapi.okeworkshop.oraclevcn.com:6443"
              }
            ],
            "freeform_tags": {},
            "id": "ocid1.cluster.oc1.eu-frankfurt-1.aaaaaaaaaww5nxmtg4rtmrfuaqcanscdwrqssa4ujlxqk5j6scb6aytjnqla",
            "image_policy_config": [
              {
                "is_policy_enabled": false,
                "key_details": []
              }
            ],
            "kms_key_id": null,
            "kubernetes_version": "v1.30.1",
            "lifecycle_details": null,
            "metadata": [
              {
                "created_by_user_id": "ocid1.user.oc1..aaaaaaaatpih4yhd4kts4n2jlljrahbfm5xqxk74au5hrakoaxu3hn2qakqa",
                "created_by_work_request_id": "ocid1.clustersworkrequest.oc1.eu-frankfurt-1.aaaaaaaapvorji3aylotbrl5il6qfpxllmb57qdn27lldzddxwk7ruho6xda",
                "deleted_by_user_id": "",
                "deleted_by_work_request_id": "",
                "time_created": "2024-10-15 09:10:42 +0000 UTC",
                "time_credential_expiration": "2029-10-15 09:11:49 +0000 UTC",
                "time_deleted": "",
                "time_updated": "",
                "updated_by_user_id": "",
                "updated_by_work_request_id": ""
              }
            ],
            "name": "oke-workshop",
            "options": [
              {
                "add_ons": [
                  {
                    "is_kubernetes_dashboard_enabled": false,
                    "is_tiller_enabled": false
                  }
                ],
                "admission_controller_options": [
                  {
                    "is_pod_security_policy_enabled": false
                  }
                ],
                "kubernetes_network_config": [
                  {
                    "pods_cidr": "10.244.0.0/16",
                    "services_cidr": "10.96.0.0/16"
                  }
                ],
                "persistent_volume_config": [
                  {
                    "defined_tags": {},
                    "freeform_tags": {}
                  }
                ],
                "service_lb_config": [
                  {
                    "defined_tags": {},
                    "freeform_tags": {}
                  }
                ],
                "service_lb_subnet_ids": [
                  "ocid1.subnet.oc1.eu-frankfurt-1.aaaaaaaakg2dwllri6xyqnaddyyt6m5k44rlml3nixwtgebvidly63knxlva"
                ]
              }
            ],
            "state": "ACTIVE",
            "timeouts": null,
            "type": "ENHANCED_CLUSTER",
            "vcn_id": "ocid1.vcn.oc1.eu-frankfurt-1.amaaaaaaenqmchqaytysbbbo77bo6n2qrng2ekzzisauu2cmz7cbds5f5v3q"
          },
          "sensitive_attributes": [],
          "private": "eyJlMmJmYjczMC1lY2FhLTExZTYtOGY4OC0zNDM2M2JjN2M0YzAiOnsiY3JlYXRlIjozNjAwMDAwMDAwMDAwLCJkZWxldGUiOjM2MDAwMDAwMDAwMDAsInVwZGF0ZSI6MzYwMDAwMDAwMDAwMH19",
          "dependencies": [
            "module.vcn.oci_core_default_route_table.public_route_table",
            "module.vcn.oci_core_internet_gateway.ig",
            "module.vcn.oci_core_security_list.kubernetes_api_endpoint_sec_list",
            "module.vcn.oci_core_security_list.service_lb_sec_list",
            "module.vcn.oci_core_subnet.kubernetes_api_endpoint_subnet",
            "module.vcn.oci_core_subnet.service_lb_subnet",
            "module.vcn.oci_core_vcn.vcn"
          ]
        }
      ]
    },
    {
      "module": "module.oke",
      "mode": "managed",
      "type": "oci_containerengine_node_pool",
      "name": "oke_node_pool",
      "provider": "provider[\"registry.terraform.io/hashicorp/oci\"]",
      "instances": [
        {
          "schema_version": 0,
          "attributes": {
            "cluster_id": "ocid1.cluster.oc1.eu-frankfurt-1.aaaaaaaaaww5nxmtg4rtmrfuaqcanscdwrqssa4ujlxqk5j6scb6aytjnqla",
            "compartment_id": "ocid1.compartment.oc1..aaaaaaaaancwtscymcqte5ejuwjta64jdkedgv7rh3gvulu5csumeh6upfpq",
            "defined_tags": {
              "Owner.Creator": "oracleidentitycloudservice/uzi.yossef@oracle.com",
              "Schedule.WeekDay": "0,0,0,0,0,1,1,1,1,1,1,1,1,1,1,1,1,0,0,0,0,0,0,0",
              "Schedule.Weekend": "0,0,0,0,0,0,0,0,0,0,0,0,0,0,0,0,0,0,0,0,0,0,0,0"
            },
            "freeform_tags": {},
            "id": "ocid1.nodepool.oc1.eu-frankfurt-1.aaaaaaaao5rk43ixbx3tfrllw4qxobkjga7qckowt3qevw3uznjrc3lpexnq",
            "initial_node_labels": [
              {
                "key": "name",
                "value": "oke-workshop"
              }
            ],
            "kubernetes_version": "v1.30.1",
            "lifecycle_details": null,
            "name": "pool1",
            "node_config_details": [
              {
                "defined_tags": {},
                "freeform_tags": {},
                "is_pv_encryption_in_transit_enabled": false,
                "kms_key_id": "",
                "node_pool_pod_network_option_details": [
                  {
                    "cni_type": "FLANNEL_OVERLAY",
                    "max_pods_per_node": 0,
                    "pod_nsg_ids": [],
                    "pod_subnet_ids": []
                  }
                ],
                "nsg_ids": [],
                "placement_configs": [
                  {
                    "availability_domain": "EcFq:EU-FRANKFURT-1-AD-1",
                    "capacity_reservation_id": "",
                    "fault_domains": [],
                    "preemptible_node_config": [],
                    "subnet_id": "ocid1.subnet.oc1.eu-frankfurt-1.aaaaaaaavtq4rgq7jyfweedfaragoeoraiufukv5trd625c2o7lcae2gll3q"
                  }
                ],
                "size": 3
              }
            ],
            "node_eviction_node_pool_settings": [],
            "node_image_id": "ocid1.image.oc1.eu-frankfurt-1.aaaaaaaacpou4dba57cb53wflerkiut2wvauixc2tkdg6utoyhzzbtkahrsa",
            "node_image_name": "Oracle-Linux-8.9-2024.05.29-0-OKE-1.30.1-707",
            "node_metadata": {},
            "node_pool_cycling_details": [],
            "node_shape": "VM.Standard.E5.Flex",
            "node_shape_config": [
              {
                "memory_in_gbs": 12,
                "ocpus": 1
              }
            ],
            "node_source": [
              {
                "image_id": "ocid1.image.oc1.eu-frankfurt-1.aaaaaaaacpou4dba57cb53wflerkiut2wvauixc2tkdg6utoyhzzbtkahrsa",
                "source_name": "Oracle-Linux-8.9-2024.05.29-0-OKE-1.30.1-707",
                "source_type": "IMAGE"
              }
            ],
            "node_source_details": [
              {
                "boot_volume_size_in_gbs": "",
                "image_id": "ocid1.image.oc1.eu-frankfurt-1.aaaaaaaacpou4dba57cb53wflerkiut2wvauixc2tkdg6utoyhzzbtkahrsa",
                "source_type": "IMAGE"
              }
            ],
            "nodes": [
              {
                "availability_domain": "EcFq:EU-FRANKFURT-1-AD-1",
                "defined_tags": {},
                "error": [],
                "fault_domain": "FAULT-DOMAIN-1",
                "freeform_tags": {},
                "id": "ocid1.instance.oc1.eu-frankfurt-1.antheljtenqmchqcxy4wm5cnvu75ylazb2h5mw5trlhuoq26uufcw6xhk44a",
                "kubernetes_version": "v1.30.1",
                "lifecycle_details": "",
                "name": "oke-cb6aytjnqla-njrc3lpexnq-slcae2gll3q-0",
                "node_pool_id": "ocid1.nodepool.oc1.eu-frankfurt-1.aaaaaaaao5rk43ixbx3tfrllw4qxobkjga7qckowt3qevw3uznjrc3lpexnq",
                "private_ip": "10.0.10.167",
                "public_ip": "",
                "state": "ACTIVE",
                "subnet_id": "ocid1.subnet.oc1.eu-frankfurt-1.aaaaaaaavtq4rgq7jyfweedfaragoeoraiufukv5trd625c2o7lcae2gll3q"
              },
              {
                "availability_domain": "EcFq:EU-FRANKFURT-1-AD-1",
                "defined_tags": {},
                "error": [],
                "fault_domain": "FAULT-DOMAIN-2",
                "freeform_tags": {},
                "id": "ocid1.instance.oc1.eu-frankfurt-1.antheljtenqmchqcb6gvt32yb5qwzbd6ko3vkhbmt5tsvq7git5gxaa7xnyq",
                "kubernetes_version": "v1.30.1",
                "lifecycle_details": "",
                "name": "oke-cb6aytjnqla-njrc3lpexnq-slcae2gll3q-1",
                "node_pool_id": "ocid1.nodepool.oc1.eu-frankfurt-1.aaaaaaaao5rk43ixbx3tfrllw4qxobkjga7qckowt3qevw3uznjrc3lpexnq",
                "private_ip": "10.0.10.253",
                "public_ip": "",
                "state": "ACTIVE",
                "subnet_id": "ocid1.subnet.oc1.eu-frankfurt-1.aaaaaaaavtq4rgq7jyfweedfaragoeoraiufukv5trd625c2o7lcae2gll3q"
              },
              {
                "availability_domain": "EcFq:EU-FRANKFURT-1-AD-1",
                "defined_tags": {},
                "error": [],
                "fault_domain": "FAULT-DOMAIN-3",
                "freeform_tags": {},
                "id": "ocid1.instance.oc1.eu-frankfurt-1.antheljtenqmchqcilrpqx5izvq4njfztmsb7a2m4aepy4zdi7y5sh575lfq",
                "kubernetes_version": "v1.30.1",
                "lifecycle_details": "",
                "name": "oke-cb6aytjnqla-njrc3lpexnq-slcae2gll3q-2",
                "node_pool_id": "ocid1.nodepool.oc1.eu-frankfurt-1.aaaaaaaao5rk43ixbx3tfrllw4qxobkjga7qckowt3qevw3uznjrc3lpexnq",
                "private_ip": "10.0.10.194",
                "public_ip": "",
                "state": "ACTIVE",
                "subnet_id": "ocid1.subnet.oc1.eu-frankfurt-1.aaaaaaaavtq4rgq7jyfweedfaragoeoraiufukv5trd625c2o7lcae2gll3q"
              }
            ],
            "quantity_per_subnet": 0,
            "ssh_public_key": null,
            "state": "ACTIVE",
            "subnet_ids": [
              "ocid1.subnet.oc1.eu-frankfurt-1.aaaaaaaavtq4rgq7jyfweedfaragoeoraiufukv5trd625c2o7lcae2gll3q"
            ],
            "timeouts": null
          },
          "sensitive_attributes": [],
          "private": "eyJlMmJmYjczMC1lY2FhLTExZTYtOGY4OC0zNDM2M2JjN2M0YzAiOnsiY3JlYXRlIjozMDAwMDAwMDAwMDAwLCJkZWxldGUiOjMwMDAwMDAwMDAwMDAsInVwZGF0ZSI6MzAwMDAwMDAwMDAwMH19",
          "dependencies": [
            "module.oke.oci_containerengine_cluster.oke_cluster",
            "module.vcn.data.oci_core_services.all_services",
            "module.vcn.oci_core_default_route_table.public_route_table",
            "module.vcn.oci_core_internet_gateway.ig",
            "module.vcn.oci_core_nat_gateway.nat",
            "module.vcn.oci_core_route_table.private_route_table",
            "module.vcn.oci_core_security_list.kubernetes_api_endpoint_sec_list",
            "module.vcn.oci_core_security_list.node_sec_list",
            "module.vcn.oci_core_security_list.service_lb_sec_list",
            "module.vcn.oci_core_service_gateway.sg",
            "module.vcn.oci_core_subnet.kubernetes_api_endpoint_subnet",
            "module.vcn.oci_core_subnet.node_subnet",
            "module.vcn.oci_core_subnet.service_lb_subnet",
            "module.vcn.oci_core_vcn.vcn"
          ]
        }
      ]
    },
    {
      "module": "module.oke",
      "mode": "managed",
      "type": "oci_identity_dynamic_group",
      "name": "oke_nodes_dynamic_group",
      "provider": "provider[\"registry.terraform.io/hashicorp/oci\"]",
      "instances": []
    },
    {
      "module": "module.vault",
      "mode": "managed",
      "type": "oci_kms_key",
      "name": "key",
      "provider": "provider[\"registry.terraform.io/hashicorp/oci\"]",
      "instances": [
        {
          "schema_version": 0,
          "attributes": {
            "auto_key_rotation_details": [],
            "compartment_id": "ocid1.compartment.oc1..aaaaaaaaancwtscymcqte5ejuwjta64jdkedgv7rh3gvulu5csumeh6upfpq",
            "current_key_version": "ocid1.keyversion.oc1.eu-frankfurt-1.entq45bnaad3a.bgezm4hhjaqaa.abtheljrjnxvtyq6fotz46jtdonysx5tqkwzcky7ym35m6xbpq7oscpaf53q",
            "defined_tags": {},
            "desired_state": "ENABLED",
            "display_name": "MyVaultKey",
            "external_key_reference": [],
            "external_key_reference_details": [],
            "freeform_tags": {},
            "id": "ocid1.key.oc1.eu-frankfurt-1.entq45bnaad3a.abtheljr3z3yxxiowioitx72yt2fnfzy2yafmit2r6jjfuwnz2xu27h34eca",
            "is_auto_rotation_enabled": false,
            "is_primary": true,
            "key_shape": [
              {
                "algorithm": "AES",
                "curve_id": "",
                "length": 32
              }
            ],
            "management_endpoint": "https://entq45bnaad3a-management.kms.eu-frankfurt-1.oraclecloud.com",
            "protection_mode": "HSM",
            "replica_details": [],
            "restore_from_file": [],
            "restore_from_object_store": [],
            "restore_trigger": null,
            "restored_from_key_id": null,
            "state": "ENABLED",
            "time_created": "2024-10-15 13:56:18.586 +0000 UTC",
            "time_of_deletion": null,
            "timeouts": null,
            "vault_id": "ocid1.vault.oc1.eu-frankfurt-1.entq45bnaad3a.abtheljs4d2z7ukybzggzzv5iin3sguqx7uz4oxkbg5zgayfh4rhob2cgegq"
          },
          "sensitive_attributes": [],
          "private": "eyJlMmJmYjczMC1lY2FhLTExZTYtOGY4OC0zNDM2M2JjN2M0YzAiOnsiY3JlYXRlIjoxMjAwMDAwMDAwMDAwLCJkZWxldGUiOjEyMDAwMDAwMDAwMDAsInVwZGF0ZSI6MTIwMDAwMDAwMDAwMH19",
          "dependencies": [
            "module.vault.oci_kms_vault.vault"
          ]
        }
      ]
    },
    {
      "module": "module.vault",
      "mode": "managed",
      "type": "oci_kms_vault",
      "name": "vault",
      "provider": "provider[\"registry.terraform.io/hashicorp/oci\"]",
      "instances": [
        {
          "schema_version": 0,
          "attributes": {
            "compartment_id": "ocid1.compartment.oc1..aaaaaaaaancwtscymcqte5ejuwjta64jdkedgv7rh3gvulu5csumeh6upfpq",
            "crypto_endpoint": "https://entq45bnaad3a-crypto.kms.eu-frankfurt-1.oraclecloud.com",
            "defined_tags": {
              "Owner.Creator": "oracleidentitycloudservice/uzi.yossef@oracle.com",
              "Schedule.WeekDay": "0,0,0,0,0,1,1,1,1,1,1,1,1,1,1,1,1,0,0,0,0,0,0,0",
              "Schedule.Weekend": "0,0,0,0,0,0,0,0,0,0,0,0,0,0,0,0,0,0,0,0,0,0,0,0"
            },
            "display_name": "MyOCIVault",
            "external_key_manager_metadata": [],
            "external_key_manager_metadata_summary": [],
            "freeform_tags": {},
            "id": "ocid1.vault.oc1.eu-frankfurt-1.entq45bnaad3a.abtheljs4d2z7ukybzggzzv5iin3sguqx7uz4oxkbg5zgayfh4rhob2cgegq",
            "is_primary": true,
            "is_vault_replicable": true,
            "management_endpoint": "https://entq45bnaad3a-management.kms.eu-frankfurt-1.oraclecloud.com",
            "replica_details": [],
            "restore_from_file": [],
            "restore_from_object_store": [],
            "restore_trigger": null,
            "restored_from_vault_id": null,
            "state": "ACTIVE",
            "time_created": "2024-10-15 13:54:53.872 +0000 UTC",
            "time_of_deletion": null,
            "timeouts": null,
            "vault_type": "DEFAULT"
          },
          "sensitive_attributes": [],
          "private": "eyJlMmJmYjczMC1lY2FhLTExZTYtOGY4OC0zNDM2M2JjN2M0YzAiOnsiY3JlYXRlIjoxMjAwMDAwMDAwMDAwLCJkZWxldGUiOjEyMDAwMDAwMDAwMDAsInVwZGF0ZSI6MTIwMDAwMDAwMDAwMH19"
        }
      ]
    },
    {
      "module": "module.vcn",
      "mode": "data",
      "type": "oci_core_services",
      "name": "all_services",
      "provider": "provider[\"registry.terraform.io/hashicorp/oci\"]",
      "instances": [
        {
          "schema_version": 0,
          "attributes": {
            "filter": [
              {
                "name": "name",
                "regex": true,
                "values": [
                  "All .* Services In Oracle Services Network"
                ]
              }
            ],
            "id": "CoreServicesDataSource-0",
            "services": [
              {
                "cidr_block": "all-fra-services-in-oracle-services-network",
                "description": "All FRA Services In Oracle Services Network",
                "id": "ocid1.service.oc1.eu-frankfurt-1.aaaaaaaa7ncsqkj6lkz36dehifizupyn6qjqsmtepsegs23yyntnsy7qrvea",
                "name": "All FRA Services In Oracle Services Network"
              }
            ]
          },
          "sensitive_attributes": []
        }
      ]
    },
    {
      "module": "module.vcn",
      "mode": "managed",
      "type": "oci_core_default_route_table",
      "name": "public_route_table",
      "provider": "provider[\"registry.terraform.io/hashicorp/oci\"]",
      "instances": [
        {
          "schema_version": 0,
          "attributes": {
            "compartment_id": "ocid1.compartment.oc1..aaaaaaaaancwtscymcqte5ejuwjta64jdkedgv7rh3gvulu5csumeh6upfpq",
            "defined_tags": {
              "Owner.Creator": "oracleidentitycloudservice/uzi.yossef@oracle.com",
              "Schedule.WeekDay": "0,0,0,0,0,1,1,1,1,1,1,1,1,1,1,1,1,0,0,0,0,0,0,0",
              "Schedule.Weekend": "0,0,0,0,0,0,0,0,0,0,0,0,0,0,0,0,0,0,0,0,0,0,0,0"
            },
            "display_name": "oke-vcn-quick-oke-workshop-public-route-table",
            "freeform_tags": {
              "OKEclusterName": "oke-workshop"
            },
            "id": "ocid1.routetable.oc1.eu-frankfurt-1.aaaaaaaasvnz6ernfvqzkfzrny5af2tdpffidl7fp2ykvkvaxxvlnwuhxy6a",
            "manage_default_resource_id": "ocid1.routetable.oc1.eu-frankfurt-1.aaaaaaaasvnz6ernfvqzkfzrny5af2tdpffidl7fp2ykvkvaxxvlnwuhxy6a",
            "route_rules": [
              {
                "cidr_block": "",
                "description": "traffic to/from internet",
                "destination": "0.0.0.0/0",
                "destination_type": "CIDR_BLOCK",
                "network_entity_id": "ocid1.internetgateway.oc1.eu-frankfurt-1.aaaaaaaalke3l2gasypp5wnzz2ztwsedu3zcmpetvukujgfuutqtna5qjtqa",
                "route_type": ""
              }
            ],
            "state": "AVAILABLE",
            "time_created": "2024-10-15 09:10:34.705 +0000 UTC",
            "timeouts": null
          },
          "sensitive_attributes": [],
          "private": "eyJlMmJmYjczMC1lY2FhLTExZTYtOGY4OC0zNDM2M2JjN2M0YzAiOnsiY3JlYXRlIjoxMjAwMDAwMDAwMDAwLCJkZWxldGUiOjEyMDAwMDAwMDAwMDAsInVwZGF0ZSI6MTIwMDAwMDAwMDAwMH19",
          "dependencies": [
            "module.vcn.oci_core_internet_gateway.ig",
            "module.vcn.oci_core_vcn.vcn"
          ]
        }
      ]
    },
    {
      "module": "module.vcn",
      "mode": "managed",
      "type": "oci_core_internet_gateway",
      "name": "ig",
      "provider": "provider[\"registry.terraform.io/hashicorp/oci\"]",
      "instances": [
        {
          "schema_version": 0,
          "attributes": {
            "compartment_id": "ocid1.compartment.oc1..aaaaaaaaancwtscymcqte5ejuwjta64jdkedgv7rh3gvulu5csumeh6upfpq",
            "defined_tags": {
              "Owner.Creator": "oracleidentitycloudservice/uzi.yossef@oracle.com",
              "Schedule.WeekDay": "0,0,0,0,0,1,1,1,1,1,1,1,1,1,1,1,1,0,0,0,0,0,0,0",
              "Schedule.Weekend": "0,0,0,0,0,0,0,0,0,0,0,0,0,0,0,0,0,0,0,0,0,0,0,0"
            },
            "display_name": "oke-vcn-quick-oke-workshop-ig",
            "enabled": true,
            "freeform_tags": {
              "OKEclusterName": "oke-workshop"
            },
            "id": "ocid1.internetgateway.oc1.eu-frankfurt-1.aaaaaaaalke3l2gasypp5wnzz2ztwsedu3zcmpetvukujgfuutqtna5qjtqa",
            "route_table_id": null,
            "state": "AVAILABLE",
            "time_created": "2024-10-15 09:10:35.723 +0000 UTC",
            "timeouts": null,
            "vcn_id": "ocid1.vcn.oc1.eu-frankfurt-1.amaaaaaaenqmchqaytysbbbo77bo6n2qrng2ekzzisauu2cmz7cbds5f5v3q"
          },
          "sensitive_attributes": [],
          "private": "eyJlMmJmYjczMC1lY2FhLTExZTYtOGY4OC0zNDM2M2JjN2M0YzAiOnsiY3JlYXRlIjoxMjAwMDAwMDAwMDAwLCJkZWxldGUiOjEyMDAwMDAwMDAwMDAsInVwZGF0ZSI6MTIwMDAwMDAwMDAwMH19",
          "dependencies": [
            "module.vcn.oci_core_vcn.vcn"
          ]
        }
      ]
    },
    {
      "module": "module.vcn",
      "mode": "managed",
      "type": "oci_core_nat_gateway",
      "name": "nat",
      "provider": "provider[\"registry.terraform.io/hashicorp/oci\"]",
      "instances": [
        {
          "schema_version": 0,
          "attributes": {
            "block_traffic": false,
            "compartment_id": "ocid1.compartment.oc1..aaaaaaaaancwtscymcqte5ejuwjta64jdkedgv7rh3gvulu5csumeh6upfpq",
            "defined_tags": {
              "Owner.Creator": "oracleidentitycloudservice/uzi.yossef@oracle.com",
              "Schedule.WeekDay": "0,0,0,0,0,1,1,1,1,1,1,1,1,1,1,1,1,0,0,0,0,0,0,0",
              "Schedule.Weekend": "0,0,0,0,0,0,0,0,0,0,0,0,0,0,0,0,0,0,0,0,0,0,0,0"
            },
            "display_name": "oke-vcn-quick-oke-workshop-nat",
            "freeform_tags": {
              "OKEclusterName": "oke-workshop"
            },
            "id": "ocid1.natgateway.oc1.eu-frankfurt-1.aaaaaaaaqadfw4obfwmufbjfe6giqylmxw63tq3d6bctaplnqkdn5ojztvdq",
            "nat_ip": "141.144.247.181",
            "public_ip_id": "ocid1.publicip.oc1.eu-frankfurt-1.aaaaaaaabqdjnnvgcyihoaaiofhrslszgmqrubfgmzkmnm6z32q77zvmzcna",
            "route_table_id": null,
            "state": "AVAILABLE",
            "time_created": "2024-10-15 09:10:35.562 +0000 UTC",
            "timeouts": null,
            "vcn_id": "ocid1.vcn.oc1.eu-frankfurt-1.amaaaaaaenqmchqaytysbbbo77bo6n2qrng2ekzzisauu2cmz7cbds5f5v3q"
          },
          "sensitive_attributes": [],
          "private": "eyJlMmJmYjczMC1lY2FhLTExZTYtOGY4OC0zNDM2M2JjN2M0YzAiOnsiY3JlYXRlIjoxMjAwMDAwMDAwMDAwLCJkZWxldGUiOjEyMDAwMDAwMDAwMDAsInVwZGF0ZSI6MTIwMDAwMDAwMDAwMH19",
          "dependencies": [
            "module.vcn.oci_core_vcn.vcn"
          ]
        }
      ]
    },
    {
      "module": "module.vcn",
      "mode": "managed",
      "type": "oci_core_route_table",
      "name": "private_route_table",
      "provider": "provider[\"registry.terraform.io/hashicorp/oci\"]",
      "instances": [
        {
          "schema_version": 0,
          "attributes": {
            "compartment_id": "ocid1.compartment.oc1..aaaaaaaaancwtscymcqte5ejuwjta64jdkedgv7rh3gvulu5csumeh6upfpq",
            "defined_tags": {
              "Owner.Creator": "oracleidentitycloudservice/uzi.yossef@oracle.com",
              "Schedule.WeekDay": "0,0,0,0,0,1,1,1,1,1,1,1,1,1,1,1,1,0,0,0,0,0,0,0",
              "Schedule.Weekend": "0,0,0,0,0,0,0,0,0,0,0,0,0,0,0,0,0,0,0,0,0,0,0,0"
            },
            "display_name": "oke-vcn-quick-oke-workshop-private-route-table",
            "freeform_tags": {
              "OKEclusterName": "oke-workshop"
            },
            "id": "ocid1.routetable.oc1.eu-frankfurt-1.aaaaaaaabpg7vjfr76wprvxeflx2wh5wfdkytzc54hcil45qusnyehcsxqka",
            "route_rules": [
              {
                "cidr_block": "",
                "description": "traffic to OCI services",
                "destination": "all-fra-services-in-oracle-services-network",
                "destination_type": "SERVICE_CIDR_BLOCK",
                "network_entity_id": "ocid1.servicegateway.oc1.eu-frankfurt-1.aaaaaaaakovd44hqkwpzait4pku3ctsegxv7lxwmzuuv3nhsfnpigpi6j4mq",
                "route_type": ""
              },
              {
                "cidr_block": "",
                "description": "traffic to the internet",
                "destination": "0.0.0.0/0",
                "destination_type": "CIDR_BLOCK",
                "network_entity_id": "ocid1.natgateway.oc1.eu-frankfurt-1.aaaaaaaaqadfw4obfwmufbjfe6giqylmxw63tq3d6bctaplnqkdn5ojztvdq",
                "route_type": ""
              }
            ],
            "state": "AVAILABLE",
            "time_created": "2024-10-15 09:10:39.106 +0000 UTC",
            "timeouts": null,
            "vcn_id": "ocid1.vcn.oc1.eu-frankfurt-1.amaaaaaaenqmchqaytysbbbo77bo6n2qrng2ekzzisauu2cmz7cbds5f5v3q"
          },
          "sensitive_attributes": [],
          "private": "eyJlMmJmYjczMC1lY2FhLTExZTYtOGY4OC0zNDM2M2JjN2M0YzAiOnsiY3JlYXRlIjoxMjAwMDAwMDAwMDAwLCJkZWxldGUiOjEyMDAwMDAwMDAwMDAsInVwZGF0ZSI6MTIwMDAwMDAwMDAwMH19",
          "dependencies": [
            "module.vcn.data.oci_core_services.all_services",
            "module.vcn.oci_core_nat_gateway.nat",
            "module.vcn.oci_core_service_gateway.sg",
            "module.vcn.oci_core_vcn.vcn"
          ]
        }
      ]
    },
    {
      "module": "module.vcn",
      "mode": "managed",
      "type": "oci_core_security_list",
      "name": "kubernetes_api_endpoint_sec_list",
      "provider": "provider[\"registry.terraform.io/hashicorp/oci\"]",
      "instances": [
        {
          "schema_version": 0,
          "attributes": {
            "compartment_id": "ocid1.compartment.oc1..aaaaaaaaancwtscymcqte5ejuwjta64jdkedgv7rh3gvulu5csumeh6upfpq",
            "defined_tags": {
              "Owner.Creator": "oracleidentitycloudservice/uzi.yossef@oracle.com",
              "Schedule.WeekDay": "0,0,0,0,0,1,1,1,1,1,1,1,1,1,1,1,1,0,0,0,0,0,0,0",
              "Schedule.Weekend": "0,0,0,0,0,0,0,0,0,0,0,0,0,0,0,0,0,0,0,0,0,0,0,0"
            },
            "display_name": "oke-vcn-quick-oke-workshop-k8s-api-endpoint-security-list",
            "egress_security_rules": [
              {
                "description": "All traffic to worker nodes",
                "destination": "10.0.10.0/24",
                "destination_type": "CIDR_BLOCK",
                "icmp_options": [],
                "protocol": "6",
                "stateless": false,
                "tcp_options": [],
                "udp_options": []
              },
              {
                "description": "Allow Kubernetes Control Plane to communicate with OKE",
                "destination": "all-fra-services-in-oracle-services-network",
                "destination_type": "SERVICE_CIDR_BLOCK",
                "icmp_options": [],
                "protocol": "6",
                "stateless": false,
                "tcp_options": [],
                "udp_options": []
              },
              {
                "description": "Path discovery",
                "destination": "10.0.10.0/24",
                "destination_type": "CIDR_BLOCK",
                "icmp_options": [
                  {
                    "code": 4,
                    "type": 3
                  }
                ],
                "protocol": "1",
                "stateless": false,
                "tcp_options": [],
                "udp_options": []
              }
            ],
            "freeform_tags": {
              "OKEclusterName": "oke-workshop"
            },
            "id": "ocid1.securitylist.oc1.eu-frankfurt-1.aaaaaaaayckuyg4ipoe2ip5isqrdnnlodmseqetpflm236d7r4ilbmcrwscq",
            "ingress_security_rules": [
              {
                "description": "External access to Kubernetes API endpoint",
                "icmp_options": [],
                "protocol": "6",
                "source": "0.0.0.0/0",
                "source_type": "CIDR_BLOCK",
                "stateless": false,
                "tcp_options": [],
                "udp_options": []
              },
              {
                "description": "Kubernetes worker to Kubernetes API endpoint communication",
                "icmp_options": [],
                "protocol": "6",
                "source": "10.0.10.0/24",
                "source_type": "CIDR_BLOCK",
                "stateless": false,
                "tcp_options": [],
                "udp_options": []
              },
              {
                "description": "Kubernetes worker to control plane communication",
                "icmp_options": [],
                "protocol": "6",
                "source": "10.0.10.0/24",
                "source_type": "CIDR_BLOCK",
                "stateless": false,
                "tcp_options": [],
                "udp_options": []
              },
              {
                "description": "Path discovery",
                "icmp_options": [
                  {
                    "code": 4,
                    "type": 3
                  }
                ],
                "protocol": "1",
                "source": "10.0.10.0/24",
                "source_type": "CIDR_BLOCK",
                "stateless": false,
                "tcp_options": [],
                "udp_options": []
              }
            ],
            "state": "AVAILABLE",
            "time_created": "2024-10-15 09:10:35.654 +0000 UTC",
            "timeouts": null,
            "vcn_id": "ocid1.vcn.oc1.eu-frankfurt-1.amaaaaaaenqmchqaytysbbbo77bo6n2qrng2ekzzisauu2cmz7cbds5f5v3q"
          },
          "sensitive_attributes": [],
          "private": "eyJlMmJmYjczMC1lY2FhLTExZTYtOGY4OC0zNDM2M2JjN2M0YzAiOnsiY3JlYXRlIjoxMjAwMDAwMDAwMDAwLCJkZWxldGUiOjEyMDAwMDAwMDAwMDAsInVwZGF0ZSI6MTIwMDAwMDAwMDAwMH19",
          "dependencies": [
            "module.vcn.oci_core_vcn.vcn"
          ]
        }
      ]
    },
    {
      "module": "module.vcn",
      "mode": "managed",
      "type": "oci_core_security_list",
      "name": "node_sec_list",
      "provider": "provider[\"registry.terraform.io/hashicorp/oci\"]",
      "instances": [
        {
          "schema_version": 0,
          "attributes": {
            "compartment_id": "ocid1.compartment.oc1..aaaaaaaaancwtscymcqte5ejuwjta64jdkedgv7rh3gvulu5csumeh6upfpq",
            "defined_tags": {
              "Owner.Creator": "oracleidentitycloudservice/uzi.yossef@oracle.com",
              "Schedule.WeekDay": "0,0,0,0,0,1,1,1,1,1,1,1,1,1,1,1,1,0,0,0,0,0,0,0",
              "Schedule.Weekend": "0,0,0,0,0,0,0,0,0,0,0,0,0,0,0,0,0,0,0,0,0,0,0,0"
            },
            "display_name": "oke-vcn-quick-oke-workshop-node-security-list",
            "egress_security_rules": [
              {
                "description": "Access to Kubernetes API Endpoint",
                "destination": "10.0.0.0/28",
                "destination_type": "CIDR_BLOCK",
                "icmp_options": [],
                "protocol": "6",
                "stateless": false,
                "tcp_options": [],
                "udp_options": []
              },
              {
                "description": "Allow nodes to communicate with OKE to ensure correct start-up and continued functioning",
                "destination": "all-fra-services-in-oracle-services-network",
                "destination_type": "SERVICE_CIDR_BLOCK",
                "icmp_options": [],
                "protocol": "6",
                "stateless": false,
                "tcp_options": [],
                "udp_options": []
              },
              {
                "description": "Allow pods on one worker node to communicate with pods on other worker nodes",
                "destination": "10.0.10.0/24",
                "destination_type": "CIDR_BLOCK",
                "icmp_options": [],
                "protocol": "all",
                "stateless": false,
                "tcp_options": [],
                "udp_options": []
              },
              {
                "description": "ICMP Access from Kubernetes Control Plane",
                "destination": "0.0.0.0/0",
                "destination_type": "CIDR_BLOCK",
                "icmp_options": [
                  {
                    "code": 4,
                    "type": 3
                  }
                ],
                "protocol": "1",
                "stateless": false,
                "tcp_options": [],
                "udp_options": []
              },
              {
                "description": "Kubernetes worker to control plane communication",
                "destination": "10.0.0.0/28",
                "destination_type": "CIDR_BLOCK",
                "icmp_options": [],
                "protocol": "6",
                "stateless": false,
                "tcp_options": [],
                "udp_options": []
              },
              {
                "description": "Path discovery",
                "destination": "10.0.0.0/28",
                "destination_type": "CIDR_BLOCK",
                "icmp_options": [
                  {
                    "code": 4,
                    "type": 3
                  }
                ],
                "protocol": "1",
                "stateless": false,
                "tcp_options": [],
                "udp_options": []
              },
              {
                "description": "Worker Nodes access to Internet",
                "destination": "0.0.0.0/0",
                "destination_type": "CIDR_BLOCK",
                "icmp_options": [],
                "protocol": "all",
                "stateless": false,
                "tcp_options": [],
                "udp_options": []
              }
            ],
            "freeform_tags": {
              "OKEclusterName": "oke-workshop"
            },
            "id": "ocid1.securitylist.oc1.eu-frankfurt-1.aaaaaaaabgsxdggy5nygqoi46pcv4ru5smcllfp3o3ntqoacwb46azxwlulq",
            "ingress_security_rules": [
              {
                "description": "Allow pods on one worker node to communicate with pods on other worker nodes",
                "icmp_options": [],
                "protocol": "all",
                "source": "10.0.10.0/24",
                "source_type": "CIDR_BLOCK",
                "stateless": false,
                "tcp_options": [],
                "udp_options": []
              },
              {
                "description": "Inbound SSH traffic to worker nodes",
                "icmp_options": [],
                "protocol": "6",
                "source": "0.0.0.0/0",
                "source_type": "CIDR_BLOCK",
                "stateless": false,
                "tcp_options": [],
                "udp_options": []
              },
              {
                "description": "Path discovery",
                "icmp_options": [
                  {
                    "code": 4,
                    "type": 3
                  }
                ],
                "protocol": "1",
                "source": "10.0.0.0/28",
                "source_type": "CIDR_BLOCK",
                "stateless": false,
                "tcp_options": [],
                "udp_options": []
              },
              {
                "description": "TCP access from Kubernetes Control Plane",
                "icmp_options": [],
                "protocol": "6",
                "source": "10.0.0.0/28",
                "source_type": "CIDR_BLOCK",
                "stateless": false,
                "tcp_options": [],
                "udp_options": []
              }
            ],
            "state": "AVAILABLE",
            "time_created": "2024-10-15 09:10:35.628 +0000 UTC",
            "timeouts": null,
            "vcn_id": "ocid1.vcn.oc1.eu-frankfurt-1.amaaaaaaenqmchqaytysbbbo77bo6n2qrng2ekzzisauu2cmz7cbds5f5v3q"
          },
          "sensitive_attributes": [],
          "private": "eyJlMmJmYjczMC1lY2FhLTExZTYtOGY4OC0zNDM2M2JjN2M0YzAiOnsiY3JlYXRlIjoxMjAwMDAwMDAwMDAwLCJkZWxldGUiOjEyMDAwMDAwMDAwMDAsInVwZGF0ZSI6MTIwMDAwMDAwMDAwMH19",
          "dependencies": [
            "module.vcn.oci_core_vcn.vcn"
          ]
        }
      ]
    },
    {
      "module": "module.vcn",
      "mode": "managed",
      "type": "oci_core_security_list",
      "name": "service_lb_sec_list",
      "provider": "provider[\"registry.terraform.io/hashicorp/oci\"]",
      "instances": [
        {
          "schema_version": 0,
          "attributes": {
            "compartment_id": "ocid1.compartment.oc1..aaaaaaaaancwtscymcqte5ejuwjta64jdkedgv7rh3gvulu5csumeh6upfpq",
            "defined_tags": {
              "Owner.Creator": "oracleidentitycloudservice/uzi.yossef@oracle.com",
              "Schedule.WeekDay": "0,0,0,0,0,1,1,1,1,1,1,1,1,1,1,1,1,0,0,0,0,0,0,0",
              "Schedule.Weekend": "0,0,0,0,0,0,0,0,0,0,0,0,0,0,0,0,0,0,0,0,0,0,0,0"
            },
            "display_name": "oke-vcn-quick-oke-workshop-lb-security-list",
            "egress_security_rules": [],
            "freeform_tags": {
              "OKEclusterName": "oke-workshop"
            },
            "id": "ocid1.securitylist.oc1.eu-frankfurt-1.aaaaaaaab2rone3rxauenjynml5n6zgo2nlmhd2nniofy33kui4imgwsvakq",
            "ingress_security_rules": [],
            "state": "AVAILABLE",
            "time_created": "2024-10-15 09:10:35.627 +0000 UTC",
            "timeouts": null,
            "vcn_id": "ocid1.vcn.oc1.eu-frankfurt-1.amaaaaaaenqmchqaytysbbbo77bo6n2qrng2ekzzisauu2cmz7cbds5f5v3q"
          },
          "sensitive_attributes": [],
          "private": "eyJlMmJmYjczMC1lY2FhLTExZTYtOGY4OC0zNDM2M2JjN2M0YzAiOnsiY3JlYXRlIjoxMjAwMDAwMDAwMDAwLCJkZWxldGUiOjEyMDAwMDAwMDAwMDAsInVwZGF0ZSI6MTIwMDAwMDAwMDAwMH19",
          "dependencies": [
            "module.vcn.oci_core_vcn.vcn"
          ]
        }
      ]
    },
    {
      "module": "module.vcn",
      "mode": "managed",
      "type": "oci_core_service_gateway",
      "name": "sg",
      "provider": "provider[\"registry.terraform.io/hashicorp/oci\"]",
      "instances": [
        {
          "schema_version": 0,
          "attributes": {
            "block_traffic": false,
            "compartment_id": "ocid1.compartment.oc1..aaaaaaaaancwtscymcqte5ejuwjta64jdkedgv7rh3gvulu5csumeh6upfpq",
            "defined_tags": {
              "Owner.Creator": "oracleidentitycloudservice/uzi.yossef@oracle.com",
              "Schedule.WeekDay": "0,0,0,0,0,1,1,1,1,1,1,1,1,1,1,1,1,0,0,0,0,0,0,0",
              "Schedule.Weekend": "0,0,0,0,0,0,0,0,0,0,0,0,0,0,0,0,0,0,0,0,0,0,0,0"
            },
            "display_name": "oke-vcn-quick-oke-workshop-sg",
            "freeform_tags": {
              "OKEclusterName": "oke-workshop"
            },
            "id": "ocid1.servicegateway.oc1.eu-frankfurt-1.aaaaaaaakovd44hqkwpzait4pku3ctsegxv7lxwmzuuv3nhsfnpigpi6j4mq",
            "route_table_id": null,
            "services": [
              {
                "service_id": "ocid1.service.oc1.eu-frankfurt-1.aaaaaaaa7ncsqkj6lkz36dehifizupyn6qjqsmtepsegs23yyntnsy7qrvea",
                "service_name": "All FRA Services In Oracle Services Network"
              }
            ],
            "state": "AVAILABLE",
            "time_created": "2024-10-15 09:10:37.648 +0000 UTC",
            "timeouts": null,
            "vcn_id": "ocid1.vcn.oc1.eu-frankfurt-1.amaaaaaaenqmchqaytysbbbo77bo6n2qrng2ekzzisauu2cmz7cbds5f5v3q"
          },
          "sensitive_attributes": [],
          "private": "eyJlMmJmYjczMC1lY2FhLTExZTYtOGY4OC0zNDM2M2JjN2M0YzAiOnsiY3JlYXRlIjoxMjAwMDAwMDAwMDAwLCJkZWxldGUiOjEyMDAwMDAwMDAwMDAsInVwZGF0ZSI6MTIwMDAwMDAwMDAwMH19",
          "dependencies": [
            "module.vcn.data.oci_core_services.all_services",
            "module.vcn.oci_core_vcn.vcn"
          ]
        }
      ]
    },
    {
      "module": "module.vcn",
      "mode": "managed",
      "type": "oci_core_subnet",
      "name": "kubernetes_api_endpoint_subnet",
      "provider": "provider[\"registry.terraform.io/hashicorp/oci\"]",
      "instances": [
        {
          "schema_version": 0,
          "attributes": {
            "availability_domain": null,
            "cidr_block": "10.0.0.0/28",
            "compartment_id": "ocid1.compartment.oc1..aaaaaaaaancwtscymcqte5ejuwjta64jdkedgv7rh3gvulu5csumeh6upfpq",
            "defined_tags": {
              "Owner.Creator": "oracleidentitycloudservice/uzi.yossef@oracle.com",
              "Schedule.WeekDay": "0,0,0,0,0,1,1,1,1,1,1,1,1,1,1,1,1,0,0,0,0,0,0,0",
              "Schedule.Weekend": "0,0,0,0,0,0,0,0,0,0,0,0,0,0,0,0,0,0,0,0,0,0,0,0"
            },
            "dhcp_options_id": "ocid1.dhcpoptions.oc1.eu-frankfurt-1.aaaaaaaauuxzrwhwjp4x2ar2yipivj427bzewceay2wlnznzm3dqyu5pkadq",
            "display_name": "oke-vcn-quick-oke-workshop-k8s-api-endpoint-subnet",
            "dns_label": "k8sapi",
            "freeform_tags": {
              "OKEclusterName": "oke-workshop"
            },
            "id": "ocid1.subnet.oc1.eu-frankfurt-1.aaaaaaaayo22h4tjqzcwngvfi2743gotm3zf7wapiya4kytbbg7imfbegjsa",
            "ipv6cidr_block": null,
            "ipv6cidr_blocks": [],
            "ipv6virtual_router_ip": null,
            "prohibit_internet_ingress": false,
            "prohibit_public_ip_on_vnic": false,
            "route_table_id": "ocid1.routetable.oc1.eu-frankfurt-1.aaaaaaaasvnz6ernfvqzkfzrny5af2tdpffidl7fp2ykvkvaxxvlnwuhxy6a",
            "security_list_ids": [
              "ocid1.securitylist.oc1.eu-frankfurt-1.aaaaaaaayckuyg4ipoe2ip5isqrdnnlodmseqetpflm236d7r4ilbmcrwscq"
            ],
            "state": "AVAILABLE",
            "subnet_domain_name": "k8sapi.okeworkshop.oraclevcn.com",
            "time_created": "2024-10-15 09:10:36.899 +0000 UTC",
            "timeouts": null,
            "vcn_id": "ocid1.vcn.oc1.eu-frankfurt-1.amaaaaaaenqmchqaytysbbbo77bo6n2qrng2ekzzisauu2cmz7cbds5f5v3q",
            "virtual_router_ip": "10.0.0.1",
            "virtual_router_mac": "00:00:17:DF:27:57"
          },
          "sensitive_attributes": [],
          "private": "eyJlMmJmYjczMC1lY2FhLTExZTYtOGY4OC0zNDM2M2JjN2M0YzAiOnsiY3JlYXRlIjoxMjAwMDAwMDAwMDAwLCJkZWxldGUiOjEyMDAwMDAwMDAwMDAsInVwZGF0ZSI6MTIwMDAwMDAwMDAwMH19",
          "dependencies": [
            "module.vcn.oci_core_default_route_table.public_route_table",
            "module.vcn.oci_core_internet_gateway.ig",
            "module.vcn.oci_core_security_list.kubernetes_api_endpoint_sec_list",
            "module.vcn.oci_core_vcn.vcn"
          ]
        }
      ]
    },
    {
      "module": "module.vcn",
      "mode": "managed",
      "type": "oci_core_subnet",
      "name": "node_subnet",
      "provider": "provider[\"registry.terraform.io/hashicorp/oci\"]",
      "instances": [
        {
          "schema_version": 0,
          "attributes": {
            "availability_domain": null,
            "cidr_block": "10.0.10.0/24",
            "compartment_id": "ocid1.compartment.oc1..aaaaaaaaancwtscymcqte5ejuwjta64jdkedgv7rh3gvulu5csumeh6upfpq",
            "defined_tags": {
              "Owner.Creator": "oracleidentitycloudservice/uzi.yossef@oracle.com",
              "Schedule.WeekDay": "0,0,0,0,0,1,1,1,1,1,1,1,1,1,1,1,1,0,0,0,0,0,0,0",
              "Schedule.Weekend": "0,0,0,0,0,0,0,0,0,0,0,0,0,0,0,0,0,0,0,0,0,0,0,0"
            },
            "dhcp_options_id": "ocid1.dhcpoptions.oc1.eu-frankfurt-1.aaaaaaaauuxzrwhwjp4x2ar2yipivj427bzewceay2wlnznzm3dqyu5pkadq",
            "display_name": "oke-vcn-quick-oke-workshop-node-subnet",
            "dns_label": "nodesubnet",
            "freeform_tags": {
              "OKEclusterName": "oke-workshop"
            },
            "id": "ocid1.subnet.oc1.eu-frankfurt-1.aaaaaaaavtq4rgq7jyfweedfaragoeoraiufukv5trd625c2o7lcae2gll3q",
            "ipv6cidr_block": null,
            "ipv6cidr_blocks": [],
            "ipv6virtual_router_ip": null,
            "prohibit_internet_ingress": true,
            "prohibit_public_ip_on_vnic": true,
            "route_table_id": "ocid1.routetable.oc1.eu-frankfurt-1.aaaaaaaabpg7vjfr76wprvxeflx2wh5wfdkytzc54hcil45qusnyehcsxqka",
            "security_list_ids": [
              "ocid1.securitylist.oc1.eu-frankfurt-1.aaaaaaaabgsxdggy5nygqoi46pcv4ru5smcllfp3o3ntqoacwb46azxwlulq"
            ],
            "state": "AVAILABLE",
            "subnet_domain_name": "nodesubnet.okeworkshop.oraclevcn.com",
            "time_created": "2024-10-15 09:10:39.577 +0000 UTC",
            "timeouts": null,
            "vcn_id": "ocid1.vcn.oc1.eu-frankfurt-1.amaaaaaaenqmchqaytysbbbo77bo6n2qrng2ekzzisauu2cmz7cbds5f5v3q",
            "virtual_router_ip": "10.0.10.1",
            "virtual_router_mac": "00:00:17:DF:27:57"
          },
          "sensitive_attributes": [],
          "private": "eyJlMmJmYjczMC1lY2FhLTExZTYtOGY4OC0zNDM2M2JjN2M0YzAiOnsiY3JlYXRlIjoxMjAwMDAwMDAwMDAwLCJkZWxldGUiOjEyMDAwMDAwMDAwMDAsInVwZGF0ZSI6MTIwMDAwMDAwMDAwMH19",
          "dependencies": [
            "module.vcn.data.oci_core_services.all_services",
            "module.vcn.oci_core_nat_gateway.nat",
            "module.vcn.oci_core_route_table.private_route_table",
            "module.vcn.oci_core_security_list.node_sec_list",
            "module.vcn.oci_core_service_gateway.sg",
            "module.vcn.oci_core_vcn.vcn"
          ]
        }
      ]
    },
    {
      "module": "module.vcn",
      "mode": "managed",
      "type": "oci_core_subnet",
      "name": "service_lb_subnet",
      "provider": "provider[\"registry.terraform.io/hashicorp/oci\"]",
      "instances": [
        {
          "schema_version": 0,
          "attributes": {
            "availability_domain": null,
            "cidr_block": "10.0.20.0/24",
            "compartment_id": "ocid1.compartment.oc1..aaaaaaaaancwtscymcqte5ejuwjta64jdkedgv7rh3gvulu5csumeh6upfpq",
            "defined_tags": {
              "Owner.Creator": "oracleidentitycloudservice/uzi.yossef@oracle.com",
              "Schedule.WeekDay": "0,0,0,0,0,1,1,1,1,1,1,1,1,1,1,1,1,0,0,0,0,0,0,0",
              "Schedule.Weekend": "0,0,0,0,0,0,0,0,0,0,0,0,0,0,0,0,0,0,0,0,0,0,0,0"
            },
            "dhcp_options_id": "ocid1.dhcpoptions.oc1.eu-frankfurt-1.aaaaaaaauuxzrwhwjp4x2ar2yipivj427bzewceay2wlnznzm3dqyu5pkadq",
            "display_name": "oke-vcn-quick-oke-workshop-lb-subnet",
            "dns_label": "lbsubnet",
            "freeform_tags": {
              "OKEclusterName": "oke-workshop"
            },
            "id": "ocid1.subnet.oc1.eu-frankfurt-1.aaaaaaaakg2dwllri6xyqnaddyyt6m5k44rlml3nixwtgebvidly63knxlva",
            "ipv6cidr_block": null,
            "ipv6cidr_blocks": [],
            "ipv6virtual_router_ip": null,
            "prohibit_internet_ingress": false,
            "prohibit_public_ip_on_vnic": false,
            "route_table_id": "ocid1.routetable.oc1.eu-frankfurt-1.aaaaaaaasvnz6ernfvqzkfzrny5af2tdpffidl7fp2ykvkvaxxvlnwuhxy6a",
            "security_list_ids": [
              "ocid1.securitylist.oc1.eu-frankfurt-1.aaaaaaaab2rone3rxauenjynml5n6zgo2nlmhd2nniofy33kui4imgwsvakq"
            ],
            "state": "AVAILABLE",
            "subnet_domain_name": "lbsubnet.okeworkshop.oraclevcn.com",
            "time_created": "2024-10-15 09:10:36.682 +0000 UTC",
            "timeouts": null,
            "vcn_id": "ocid1.vcn.oc1.eu-frankfurt-1.amaaaaaaenqmchqaytysbbbo77bo6n2qrng2ekzzisauu2cmz7cbds5f5v3q",
            "virtual_router_ip": "10.0.20.1",
            "virtual_router_mac": "00:00:17:DF:27:57"
          },
          "sensitive_attributes": [],
          "private": "eyJlMmJmYjczMC1lY2FhLTExZTYtOGY4OC0zNDM2M2JjN2M0YzAiOnsiY3JlYXRlIjoxMjAwMDAwMDAwMDAwLCJkZWxldGUiOjEyMDAwMDAwMDAwMDAsInVwZGF0ZSI6MTIwMDAwMDAwMDAwMH19",
          "dependencies": [
            "module.vcn.oci_core_default_route_table.public_route_table",
            "module.vcn.oci_core_internet_gateway.ig",
            "module.vcn.oci_core_security_list.service_lb_sec_list",
            "module.vcn.oci_core_vcn.vcn"
          ]
        }
      ]
    },
    {
      "module": "module.vcn",
      "mode": "managed",
      "type": "oci_core_vcn",
      "name": "vcn",
      "provider": "provider[\"registry.terraform.io/hashicorp/oci\"]",
      "instances": [
        {
          "schema_version": 0,
          "attributes": {
            "byoipv6cidr_blocks": [],
            "byoipv6cidr_details": [],
            "cidr_block": "10.0.0.0/16",
            "cidr_blocks": [
              "10.0.0.0/16"
            ],
            "compartment_id": "ocid1.compartment.oc1..aaaaaaaaancwtscymcqte5ejuwjta64jdkedgv7rh3gvulu5csumeh6upfpq",
            "default_dhcp_options_id": "ocid1.dhcpoptions.oc1.eu-frankfurt-1.aaaaaaaauuxzrwhwjp4x2ar2yipivj427bzewceay2wlnznzm3dqyu5pkadq",
            "default_route_table_id": "ocid1.routetable.oc1.eu-frankfurt-1.aaaaaaaasvnz6ernfvqzkfzrny5af2tdpffidl7fp2ykvkvaxxvlnwuhxy6a",
            "default_security_list_id": "ocid1.securitylist.oc1.eu-frankfurt-1.aaaaaaaaljh3fsj5ag3itkms2zkzzta2j2g6po54aobvc7viyzq6a36rcvjq",
            "defined_tags": {
              "Owner.Creator": "oracleidentitycloudservice/uzi.yossef@oracle.com",
              "Schedule.WeekDay": "0,0,0,0,0,1,1,1,1,1,1,1,1,1,1,1,1,0,0,0,0,0,0,0",
              "Schedule.Weekend": "0,0,0,0,0,0,0,0,0,0,0,0,0,0,0,0,0,0,0,0,0,0,0,0"
            },
            "display_name": "oke-vcn-quick-oke-workshop",
            "dns_label": "okeworkshop",
            "freeform_tags": {
              "OKEclusterName": "oke-workshop"
            },
            "id": "ocid1.vcn.oc1.eu-frankfurt-1.amaaaaaaenqmchqaytysbbbo77bo6n2qrng2ekzzisauu2cmz7cbds5f5v3q",
            "ipv6cidr_blocks": [],
            "ipv6private_cidr_blocks": [],
            "is_ipv6enabled": false,
            "is_oracle_gua_allocation_enabled": null,
            "state": "AVAILABLE",
            "time_created": "2024-10-15 09:10:34.705 +0000 UTC",
            "timeouts": null,
            "vcn_domain_name": "okeworkshop.oraclevcn.com"
          },
          "sensitive_attributes": [],
          "private": "eyJlMmJmYjczMC1lY2FhLTExZTYtOGY4OC0zNDM2M2JjN2M0YzAiOnsiY3JlYXRlIjoxMjAwMDAwMDAwMDAwLCJkZWxldGUiOjEyMDAwMDAwMDAwMDAsInVwZGF0ZSI6MTIwMDAwMDAwMDAwMH19"
        }
      ]
    }
  ],
  "check_results": null
}
