{
  "version": 4,
  "terraform_version": "1.5.7",
  "serial": 308,
  "lineage": "01da1878-3f1f-670d-a495-30d08918ad97",
  "outputs": {},
  "resources": [
    {
      "module": "module.adb_23ai",
      "mode": "managed",
      "type": "oci_database_autonomous_database",
      "name": "adb_23ai",
      "provider": "provider[\"registry.terraform.io/hashicorp/oci\"]",
      "instances": [
        {
          "schema_version": 0,
          "attributes": {
            "actual_used_data_storage_size_in_tbs": 0.004731655120849609,
            "admin_password": "ComplexPassword123!",
            "allocated_storage_size_in_tbs": 0.0068359375,
            "apex_details": [
              {
                "apex_version": "24.1.1",
                "ords_version": "24.3.0.262.0924"
              }
            ],
            "are_primary_whitelisted_ips_used": true,
            "auto_refresh_frequency_in_seconds": null,
            "auto_refresh_point_lag_in_seconds": null,
            "autonomous_container_database_id": null,
            "autonomous_database_backup_id": null,
            "autonomous_database_id": null,
            "autonomous_maintenance_schedule_type": "REGULAR",
            "availability_domain": "EcFq:EU-FRANKFURT-1-AD-3",
            "available_upgrade_versions": [],
            "backup_config": [
              {
                "manual_backup_bucket_name": "",
                "manual_backup_type": "NONE"
              }
            ],
            "backup_retention_period_in_days": 60,
            "byol_compute_count_limit": null,
            "character_set": "AL32UTF8",
            "clone_type": null,
            "cluster_placement_group_id": null,
            "compartment_id": "ocid1.compartment.oc1..aaaaaaaaancwtscymcqte5ejuwjta64jdkedgv7rh3gvulu5csumeh6upfpq",
            "compute_count": 1,
            "compute_model": "OCPU",
            "connection_strings": [
              {
                "all_connection_strings": {
                  "HIGH": "adb.eu-frankfurt-1.oraclecloud.com:1522/q4gsn76smrbsdns_myadb23ai_high.adb.oraclecloud.com",
                  "LOW": "adb.eu-frankfurt-1.oraclecloud.com:1522/q4gsn76smrbsdns_myadb23ai_low.adb.oraclecloud.com",
                  "MEDIUM": "adb.eu-frankfurt-1.oraclecloud.com:1522/q4gsn76smrbsdns_myadb23ai_medium.adb.oraclecloud.com",
                  "TP": "adb.eu-frankfurt-1.oraclecloud.com:1522/q4gsn76smrbsdns_myadb23ai_tp.adb.oraclecloud.com",
                  "TPURGENT": "adb.eu-frankfurt-1.oraclecloud.com:1522/q4gsn76smrbsdns_myadb23ai_tpurgent.adb.oraclecloud.com"
                },
                "dedicated": "",
                "high": "adb.eu-frankfurt-1.oraclecloud.com:1522/q4gsn76smrbsdns_myadb23ai_high.adb.oraclecloud.com",
                "low": "adb.eu-frankfurt-1.oraclecloud.com:1522/q4gsn76smrbsdns_myadb23ai_low.adb.oraclecloud.com",
                "medium": "adb.eu-frankfurt-1.oraclecloud.com:1522/q4gsn76smrbsdns_myadb23ai_medium.adb.oraclecloud.com",
                "profiles": [
                  {
                    "consumer_group": "HIGH",
                    "display_name": "myadb23ai_high",
                    "host_format": "FQDN",
                    "is_regional": false,
                    "protocol": "TCPS",
                    "session_mode": "DIRECT",
                    "syntax_format": "LONG",
                    "tls_authentication": "MUTUAL",
                    "value": "(description= (retry_count=20)(retry_delay=3)(address=(protocol=tcps)(port=1522)(host=adb.eu-frankfurt-1.oraclecloud.com))(connect_data=(service_name=q4gsn76smrbsdns_myadb23ai_high.adb.oraclecloud.com))(security=(ssl_server_dn_match=yes)))"
                  },
                  {
                    "consumer_group": "LOW",
                    "display_name": "myadb23ai_low",
                    "host_format": "FQDN",
                    "is_regional": false,
                    "protocol": "TCPS",
                    "session_mode": "DIRECT",
                    "syntax_format": "LONG",
                    "tls_authentication": "MUTUAL",
                    "value": "(description= (retry_count=20)(retry_delay=3)(address=(protocol=tcps)(port=1522)(host=adb.eu-frankfurt-1.oraclecloud.com))(connect_data=(service_name=q4gsn76smrbsdns_myadb23ai_low.adb.oraclecloud.com))(security=(ssl_server_dn_match=yes)))"
                  },
                  {
                    "consumer_group": "MEDIUM",
                    "display_name": "myadb23ai_medium",
                    "host_format": "FQDN",
                    "is_regional": false,
                    "protocol": "TCPS",
                    "session_mode": "DIRECT",
                    "syntax_format": "LONG",
                    "tls_authentication": "MUTUAL",
                    "value": "(description= (retry_count=20)(retry_delay=3)(address=(protocol=tcps)(port=1522)(host=adb.eu-frankfurt-1.oraclecloud.com))(connect_data=(service_name=q4gsn76smrbsdns_myadb23ai_medium.adb.oraclecloud.com))(security=(ssl_server_dn_match=yes)))"
                  },
                  {
                    "consumer_group": "TP",
                    "display_name": "myadb23ai_tp",
                    "host_format": "FQDN",
                    "is_regional": false,
                    "protocol": "TCPS",
                    "session_mode": "DIRECT",
                    "syntax_format": "LONG",
                    "tls_authentication": "MUTUAL",
                    "value": "(description= (retry_count=20)(retry_delay=3)(address=(protocol=tcps)(port=1522)(host=adb.eu-frankfurt-1.oraclecloud.com))(connect_data=(service_name=q4gsn76smrbsdns_myadb23ai_tp.adb.oraclecloud.com))(security=(ssl_server_dn_match=yes)))"
                  },
                  {
                    "consumer_group": "TPURGENT",
                    "display_name": "myadb23ai_tpurgent",
                    "host_format": "FQDN",
                    "is_regional": false,
                    "protocol": "TCPS",
                    "session_mode": "DIRECT",
                    "syntax_format": "LONG",
                    "tls_authentication": "MUTUAL",
                    "value": "(description= (retry_count=20)(retry_delay=3)(address=(protocol=tcps)(port=1522)(host=adb.eu-frankfurt-1.oraclecloud.com))(connect_data=(service_name=q4gsn76smrbsdns_myadb23ai_tpurgent.adb.oraclecloud.com))(security=(ssl_server_dn_match=yes)))"
                  }
                ]
              }
            ],
            "connection_urls": [
              {
                "apex_url": "https://Q4GSN76SMRBSDNS-MYADB23AI.adb.eu-frankfurt-1.oraclecloudapps.com/ords/apex",
                "database_transforms_url": "https://Q4GSN76SMRBSDNS-MYADB23AI.adb.eu-frankfurt-1.oraclecloudapps.com/odi/",
                "graph_studio_url": "https://Q4GSN76SMRBSDNS-MYADB23AI.adb.eu-frankfurt-1.oraclecloudapps.com/graphstudio/",
                "machine_learning_notebook_url": "https://Q4GSN76SMRBSDNS-MYADB23AI.adb.eu-frankfurt-1.oraclecloudapps.com/oml/",
                "machine_learning_user_management_url": "https://Q4GSN76SMRBSDNS-MYADB23AI.adb.eu-frankfurt-1.oraclecloudapps.com/omlusers/",
                "mongo_db_url": "",
                "ords_url": "https://Q4GSN76SMRBSDNS-MYADB23AI.adb.eu-frankfurt-1.oraclecloudapps.com/ords/",
                "sql_dev_web_url": "https://Q4GSN76SMRBSDNS-MYADB23AI.adb.eu-frankfurt-1.oraclecloudapps.com/ords/sql-developer"
              }
            ],
            "cpu_core_count": 1,
            "customer_contacts": [],
            "data_safe_status": "NOT_REGISTERED",
            "data_storage_size_in_gb": 1024,
            "data_storage_size_in_tbs": 1,
            "database_edition": "ENTERPRISE_EDITION",
            "database_management_status": "",
            "dataguard_region_type": "",
            "db_name": "myadb23ai",
            "db_tools_details": [
              {
                "compute_count": 0,
                "is_enabled": false,
                "max_idle_time_in_minutes": 0,
                "name": "MONGODB_API"
              },
              {
                "compute_count": 0,
                "is_enabled": true,
                "max_idle_time_in_minutes": 0,
                "name": "APEX"
              },
              {
                "compute_count": 0,
                "is_enabled": true,
                "max_idle_time_in_minutes": 0,
                "name": "DATABASE_ACTIONS"
              },
              {
                "compute_count": 0,
                "is_enabled": true,
                "max_idle_time_in_minutes": 0,
                "name": "DATA_TRANSFORMS"
              },
              {
                "compute_count": 0,
                "is_enabled": true,
                "max_idle_time_in_minutes": 0,
                "name": "GRAPH_STUDIO"
              },
              {
                "compute_count": 0,
                "is_enabled": true,
                "max_idle_time_in_minutes": 0,
                "name": "OML"
              },
              {
                "compute_count": 0,
                "is_enabled": true,
                "max_idle_time_in_minutes": 0,
                "name": "ORDS"
              }
            ],
            "db_version": "23ai",
            "db_workload": "OLTP",
            "defined_tags": {
              "Owner.Creator": "oracleidentitycloudservice/uzi.yossef@oracle.com",
              "Schedule.WeekDay": "0,0,0,0,0,1,1,1,1,1,1,1,1,1,1,1,1,0,0,0,0,0,0,0",
              "Schedule.Weekend": "0,0,0,0,0,0,0,0,0,0,0,0,0,0,0,0,0,0,0,0,0,0,0,0"
            },
            "disaster_recovery_region_type": "",
            "disaster_recovery_type": null,
            "display_name": "My ADB AI",
            "failed_data_recovery_in_seconds": null,
            "freeform_tags": {},
            "id": "ocid1.autonomousdatabase.oc1.eu-frankfurt-1.antheljsenqmchqah6a6ckgijnuioeznoioxgxqnunhdovdlmlsjbdkiem2a",
            "in_memory_area_in_gbs": null,
            "in_memory_percentage": null,
            "infrastructure_type": "",
            "is_access_control_enabled": null,
            "is_auto_scaling_enabled": true,
            "is_auto_scaling_for_storage_enabled": false,
            "is_data_guard_enabled": false,
            "is_dedicated": false,
            "is_dev_tier": null,
            "is_free_tier": false,
            "is_local_data_guard_enabled": false,
            "is_mtls_connection_required": true,
            "is_preview": false,
            "is_preview_version_with_service_terms_accepted": null,
            "is_reconnect_clone_enabled": false,
            "is_refreshable_clone": null,
            "is_remote_data_guard_enabled": false,
            "is_replicate_automatic_backups": null,
            "is_shrink_only": null,
            "key_history_entry": [
              {
                "id": "ORACLE_MANAGED_KEY",
                "kms_key_version_id": "",
                "time_activated": "2024-10-27 09:40:23.264 +0000 UTC",
                "vault_id": ""
              }
            ],
            "key_store_id": null,
            "key_store_wallet_name": null,
            "kms_key_id": "ORACLE_MANAGED_KEY",
            "kms_key_lifecycle_details": null,
            "kms_key_version_id": null,
            "license_model": "BRING_YOUR_OWN_LICENSE",
            "lifecycle_details": null,
            "local_adg_auto_failover_max_data_loss_limit": null,
            "local_disaster_recovery_type": "BACKUP_BASED",
            "local_standby_db": [
              {
                "availability_domain": "",
                "lag_time_in_seconds": 0,
                "lifecycle_details": "",
                "state": "STANDBY",
                "time_data_guard_role_changed": "",
                "time_disaster_recovery_role_changed": ""
              }
            ],
            "long_term_backup_schedule": [],
            "max_cpu_core_count": null,
            "memory_per_oracle_compute_unit_in_gbs": null,
            "ncharacter_set": "AL16UTF16",
            "net_services_architecture": "",
            "next_long_term_backup_time_stamp": null,
            "nsg_ids": [],
            "ocpu_count": null,
            "open_mode": "READ_WRITE",
            "operations_insights_status": "NOT_ENABLED",
            "peer_db_ids": [],
            "permission_level": "UNRESTRICTED",
            "private_endpoint": null,
            "private_endpoint_ip": null,
            "private_endpoint_label": null,
            "provisionable_cpus": [],
            "public_connection_urls": [],
            "public_endpoint": null,
            "refreshable_mode": null,
            "refreshable_status": "",
            "remote_disaster_recovery_configuration": [],
            "remote_disaster_recovery_type": null,
            "resource_pool_leader_id": null,
            "resource_pool_summary": [
              {
                "is_disabled": true,
                "pool_size": 0
              }
            ],
            "role": "",
            "rotate_key_trigger": null,
            "scheduled_operations": [],
            "secret_id": null,
            "secret_version_number": null,
            "service_console_url": null,
            "shrink_adb_trigger": null,
            "source": null,
            "source_id": null,
            "standby_db": [
              {
                "availability_domain": "",
                "lag_time_in_seconds": 0,
                "lifecycle_details": "",
                "state": "STANDBY",
                "time_data_guard_role_changed": "",
                "time_disaster_recovery_role_changed": ""
              }
            ],
            "standby_whitelisted_ips": [],
            "state": "AVAILABLE",
            "subnet_id": null,
            "subscription_id": null,
            "supported_regions_to_clone_to": [
              "AMS",
              "ZRH",
              "LHR",
              "MTZ",
              "JED",
              "LIN",
              "CDG",
              "PHX",
              "MAD",
              "IAD",
              "DXB",
              "ARN",
              "SIN",
              "HYD"
            ],
            "switchover_to": null,
            "switchover_to_remote_peer_id": null,
            "system_tags": {},
            "time_created": "2024-10-27 09:38:44.897 +0000 UTC",
            "time_data_guard_role_changed": null,
            "time_deletion_of_free_autonomous_database": null,
            "time_disaster_recovery_role_changed": null,
            "time_local_data_guard_enabled": "2024-10-27 09:38:52.385 +0000 UTC",
            "time_maintenance_begin": "2024-11-02 20:00:00 +0000 UTC",
            "time_maintenance_end": "2024-11-02 22:00:00 +0000 UTC",
            "time_of_auto_refresh_start": null,
            "time_of_joining_resource_pool": null,
            "time_of_last_failover": null,
            "time_of_last_refresh": null,
            "time_of_last_refresh_point": null,
            "time_of_last_switchover": null,
            "time_of_next_refresh": null,
            "time_reclamation_of_free_autonomous_database": null,
            "time_undeleted": null,
            "time_until_reconnect_clone_enabled": null,
            "timeouts": null,
            "timestamp": null,
            "total_backup_storage_size_in_gbs": 0,
            "use_latest_available_backup_time_stamp": null,
            "used_data_storage_size_in_gbs": null,
            "used_data_storage_size_in_tbs": null,
            "vault_id": null,
            "whitelisted_ips": []
          },
          "sensitive_attributes": [],
          "private": "eyJlMmJmYjczMC1lY2FhLTExZTYtOGY4OC0zNDM2M2JjN2M0YzAiOnsiY3JlYXRlIjo0MzIwMDAwMDAwMDAwMCwiZGVsZXRlIjo0MzIwMDAwMDAwMDAwMCwidXBkYXRlIjo0MzIwMDAwMDAwMDAwMH19"
        }
      ]
    },
    {
      "module": "module.oke",
      "mode": "data",
      "type": "oci_containerengine_cluster_kube_config",
      "name": "oke_cluster_kube_config",
      "provider": "provider[\"registry.terraform.io/hashicorp/oci\"]",
      "instances": [
        {
          "schema_version": 0,
          "attributes": {
            "cluster_id": "ocid1.cluster.oc1.eu-frankfurt-1.aaaaaaaa6sqixwf3rraurp2qbaidodvm5qzfq5nldp622gmu7co3i2vdvcxq",
            "content": "---\napiVersion: v1\nkind: \"\"\nclusters:\n- name: cluster-co3i2vdvcxq\n  cluster:\n    server: https://89.168.78.185:6443\n    certificate-authority-data: LS0tLS1CRUdJTiBDRVJUSUZJQ0FURS0tLS0tCk1JSURpVENDQW5HZ0F3SUJBZ0lSQUlKQUZIZExYSDZ2cCsvbHhDT29OcTB3RFFZSktvWklodmNOQVFFTEJRQXcKWGpFUE1BMEdBMVVFQXd3R1N6aHpJRU5CTVFzd0NRWURWUVFHRXdKVlV6RVBNQTBHQTFVRUJ3d0dRWFZ6ZEdsdQpNUTh3RFFZRFZRUUtEQVpQY21GamJHVXhEREFLQmdOVkJBc01BMDlqYVRFT01Bd0dBMVVFQ0F3RlZHVjRZWE13CkhoY05NalF4TURJM01Ea3pPVEExV2hjTk1qa3hNREkzTURrek9UQTFXakJlTVE4d0RRWURWUVFEREFaTE9ITWcKUTBFeEN6QUpCZ05WQkFZVEFsVlRNUTh3RFFZRFZRUUhEQVpCZFhOMGFXNHhEekFOQmdOVkJBb01Cazl5WVdOcwpaVEVNTUFvR0ExVUVDd3dEVDJOcE1RNHdEQVlEVlFRSURBVlVaWGhoY3pDQ0FTSXdEUVlKS29aSWh2Y05BUUVCCkJRQURnZ0VQQURDQ0FRb0NnZ0VCQU05Zk01UWZFVmptTElVd3MwUTlONi96SmJHdElPS2NNMHduN0NSUnp4YlQKU0crTnZsbFNGbDMweFlhUmM4T3U3V0ZsSXJPbHZNR0MxalZaZnBGWUE0RDlNNGNSYXZRNDlyOUJsSE4vNmJhTApuVm5qQVROZVEybm5IQndiQ21hTEpYRlNQYW80Vlpxck1aVmpmY3ZLTXQwTmVORmdNT3ZhOVQ0NjNmdmJNaW9VCmJRbjdheWtIQzlTRjJFUnJ6NnZwM2hDVzFKU0g0QTJFc0U4cWszUlJZSXNXOVU4cHJJUmdVZDhwMmNUK0NpNlEKZG5kYWNpT2d0b0JUQm92NVFnUkorWGhrWVVsendzdkFwemlGOC9TVm5Ga2pBY2p5MWUxS0dhT3NHN2h0N1BEQQp3M29YZjdMWlRacTZialU4K3BzSjJyY1BFRkRYdDVMVkozT1AybkRFL0dVQ0F3RUFBYU5DTUVBd0R3WURWUjBUCkFRSC9CQVV3QXdFQi96QU9CZ05WSFE4QkFmOEVCQU1DQVFZd0hRWURWUjBPQkJZRUZGYkhvMENza0dVY0diREUKNnR1anUxT3pzSlJRTUEwR0NTcUdTSWIzRFFFQkN3VUFBNElCQVFCR2I5a0pCR0lOQWt6Yi9XTE04MHlNY1NiZgp4OFVRTytTVDBtb1p3YVA4VkRzWGgzdGxaYjBBaGdMb29MS29MbzIrb05zZ1BGYVU3UWh4ZzZ6eGFndHlQMDRCCm40WmpBUjRkTkIyN3RsVmUzVnBUVFZvZDh5Q3BjNVQwQzJKYUh3OWwxRUtWSS9ZdE9janV1U3BIZEx1RHB2ZTAKSkgzVjVtZWhKZUJtRDA2VTZVanpDZnRCRFpmT2h0STJFZGxCTWNmQU1naFppMXN5UlpPR2JqaFNMOUQ0TENWaworS2J5TnN5Mi9Wa28rSUsvYUsxbGljSjYzaTYzU3VhaW5hNEFQeThWZnJ3eFZFS0NtT2J5dEl6TldWS1k0ZDF3CkVuc1dMb1FtaVZ3UlVOWkp5aFBPN21MRWt2MzNKeGtiUjZBMmtZMWc0S1lacFZrSDRoK3pzVDRIbmxuQQotLS0tLUVORCBDRVJUSUZJQ0FURS0tLS0tCg==\nusers:\n- name: user-co3i2vdvcxq\n  user:\n    exec:\n      apiVersion: client.authentication.k8s.io/v1beta1\n      command: oci\n      args:\n      - ce\n      - cluster\n      - generate-token\n      - --cluster-id\n      - ocid1.cluster.oc1.eu-frankfurt-1.aaaaaaaa6sqixwf3rraurp2qbaidodvm5qzfq5nldp622gmu7co3i2vdvcxq\n      - --region\n      - eu-frankfurt-1\n      env: []\ncontexts:\n- name: context-co3i2vdvcxq\n  context:\n    cluster: cluster-co3i2vdvcxq\n    user: user-co3i2vdvcxq\ncurrent-context: context-co3i2vdvcxq\n",
            "endpoint": null,
            "expiration": null,
            "id": "ContainerengineClusterKubeConfigDataSource-268463745",
            "token_version": null
          },
          "sensitive_attributes": []
        }
      ]
    },
    {
      "module": "module.oke",
      "mode": "managed",
      "type": "local_file",
      "name": "kubeconfig",
      "provider": "provider[\"registry.terraform.io/hashicorp/local\"]",
      "instances": [
        {
          "schema_version": 0,
          "attributes": {
            "content": "---\napiVersion: v1\nkind: \"\"\nclusters:\n- name: cluster-co3i2vdvcxq\n  cluster:\n    server: https://89.168.78.185:6443\n    certificate-authority-data: LS0tLS1CRUdJTiBDRVJUSUZJQ0FURS0tLS0tCk1JSURpVENDQW5HZ0F3SUJBZ0lSQUlKQUZIZExYSDZ2cCsvbHhDT29OcTB3RFFZSktvWklodmNOQVFFTEJRQXcKWGpFUE1BMEdBMVVFQXd3R1N6aHpJRU5CTVFzd0NRWURWUVFHRXdKVlV6RVBNQTBHQTFVRUJ3d0dRWFZ6ZEdsdQpNUTh3RFFZRFZRUUtEQVpQY21GamJHVXhEREFLQmdOVkJBc01BMDlqYVRFT01Bd0dBMVVFQ0F3RlZHVjRZWE13CkhoY05NalF4TURJM01Ea3pPVEExV2hjTk1qa3hNREkzTURrek9UQTFXakJlTVE4d0RRWURWUVFEREFaTE9ITWcKUTBFeEN6QUpCZ05WQkFZVEFsVlRNUTh3RFFZRFZRUUhEQVpCZFhOMGFXNHhEekFOQmdOVkJBb01Cazl5WVdOcwpaVEVNTUFvR0ExVUVDd3dEVDJOcE1RNHdEQVlEVlFRSURBVlVaWGhoY3pDQ0FTSXdEUVlKS29aSWh2Y05BUUVCCkJRQURnZ0VQQURDQ0FRb0NnZ0VCQU05Zk01UWZFVmptTElVd3MwUTlONi96SmJHdElPS2NNMHduN0NSUnp4YlQKU0crTnZsbFNGbDMweFlhUmM4T3U3V0ZsSXJPbHZNR0MxalZaZnBGWUE0RDlNNGNSYXZRNDlyOUJsSE4vNmJhTApuVm5qQVROZVEybm5IQndiQ21hTEpYRlNQYW80Vlpxck1aVmpmY3ZLTXQwTmVORmdNT3ZhOVQ0NjNmdmJNaW9VCmJRbjdheWtIQzlTRjJFUnJ6NnZwM2hDVzFKU0g0QTJFc0U4cWszUlJZSXNXOVU4cHJJUmdVZDhwMmNUK0NpNlEKZG5kYWNpT2d0b0JUQm92NVFnUkorWGhrWVVsendzdkFwemlGOC9TVm5Ga2pBY2p5MWUxS0dhT3NHN2h0N1BEQQp3M29YZjdMWlRacTZialU4K3BzSjJyY1BFRkRYdDVMVkozT1AybkRFL0dVQ0F3RUFBYU5DTUVBd0R3WURWUjBUCkFRSC9CQVV3QXdFQi96QU9CZ05WSFE4QkFmOEVCQU1DQVFZd0hRWURWUjBPQkJZRUZGYkhvMENza0dVY0diREUKNnR1anUxT3pzSlJRTUEwR0NTcUdTSWIzRFFFQkN3VUFBNElCQVFCR2I5a0pCR0lOQWt6Yi9XTE04MHlNY1NiZgp4OFVRTytTVDBtb1p3YVA4VkRzWGgzdGxaYjBBaGdMb29MS29MbzIrb05zZ1BGYVU3UWh4ZzZ6eGFndHlQMDRCCm40WmpBUjRkTkIyN3RsVmUzVnBUVFZvZDh5Q3BjNVQwQzJKYUh3OWwxRUtWSS9ZdE9janV1U3BIZEx1RHB2ZTAKSkgzVjVtZWhKZUJtRDA2VTZVanpDZnRCRFpmT2h0STJFZGxCTWNmQU1naFppMXN5UlpPR2JqaFNMOUQ0TENWaworS2J5TnN5Mi9Wa28rSUsvYUsxbGljSjYzaTYzU3VhaW5hNEFQeThWZnJ3eFZFS0NtT2J5dEl6TldWS1k0ZDF3CkVuc1dMb1FtaVZ3UlVOWkp5aFBPN21MRWt2MzNKeGtiUjZBMmtZMWc0S1lacFZrSDRoK3pzVDRIbmxuQQotLS0tLUVORCBDRVJUSUZJQ0FURS0tLS0tCg==\nusers:\n- name: user-co3i2vdvcxq\n  user:\n    exec:\n      apiVersion: client.authentication.k8s.io/v1beta1\n      command: oci\n      args:\n      - ce\n      - cluster\n      - generate-token\n      - --cluster-id\n      - ocid1.cluster.oc1.eu-frankfurt-1.aaaaaaaa6sqixwf3rraurp2qbaidodvm5qzfq5nldp622gmu7co3i2vdvcxq\n      - --region\n      - eu-frankfurt-1\n      env: []\ncontexts:\n- name: context-co3i2vdvcxq\n  context:\n    cluster: cluster-co3i2vdvcxq\n    user: user-co3i2vdvcxq\ncurrent-context: context-co3i2vdvcxq\n",
            "content_base64": null,
            "content_base64sha256": "0yQw0uYXmrDtR0VVq0zWZTQR0Y0p5LQpa/XtXMtMRL0=",
            "content_base64sha512": "5hbaPVeCpsFKHT2VCYpFVbpGjmpdz+tRQdAo4DTFO0qtp6tUCqfQ11BUrCemOOm4pxho4sXddwYQy3yAxg6GQQ==",
            "content_md5": "cf63392d5573b321c41e927ad37dee97",
            "content_sha1": "0b3499d389a9e34b463e1d4be9f6a58797bd9449",
            "content_sha256": "d32430d2e6179ab0ed474555ab4cd6653411d18d29e4b4296bf5ed5ccb4c44bd",
            "content_sha512": "e616da3d5782a6c14a1d3d95098a4555ba468e6a5dcfeb5141d028e034c53b4aada7ab540aa7d0d75054ac27a638e9b8a71868e2c5dd770610cb7c80c60e8641",
            "directory_permission": "0777",
            "file_permission": "0777",
            "filename": "./kubeconfig",
            "id": "0b3499d389a9e34b463e1d4be9f6a58797bd9449",
            "sensitive_content": null,
            "source": null
          },
          "sensitive_attributes": [],
          "dependencies": [
            "module.oke.data.oci_containerengine_cluster_kube_config.oke_cluster_kube_config",
            "module.oke.oci_containerengine_cluster.oke_cluster",
            "module.vcn.oci_core_default_route_table.public_route_table",
            "module.vcn.oci_core_internet_gateway.ig",
            "module.vcn.oci_core_security_list.kubernetes_api_endpoint_sec_list",
            "module.vcn.oci_core_security_list.service_lb_sec_list",
            "module.vcn.oci_core_subnet.kubernetes_api_endpoint_subnet",
            "module.vcn.oci_core_subnet.service_lb_subnet",
            "module.vcn.oci_core_vcn.vcn"
          ]
        }
      ]
    },
    {
      "module": "module.oke",
      "mode": "managed",
      "type": "oci_containerengine_cluster",
      "name": "oke_cluster",
      "provider": "provider[\"registry.terraform.io/hashicorp/oci\"]",
      "instances": [
        {
          "schema_version": 0,
          "attributes": {
            "available_kubernetes_upgrades": [],
            "cluster_pod_network_options": [
              {
                "cni_type": "FLANNEL_OVERLAY"
              }
            ],
            "compartment_id": "ocid1.compartment.oc1..aaaaaaaaancwtscymcqte5ejuwjta64jdkedgv7rh3gvulu5csumeh6upfpq",
            "defined_tags": {
              "Owner.Creator": "oracleidentitycloudservice/uzi.yossef@oracle.com",
              "Schedule.WeekDay": "0,0,0,0,0,1,1,1,1,1,1,1,1,1,1,1,1,0,0,0,0,0,0,0",
              "Schedule.Weekend": "0,0,0,0,0,0,0,0,0,0,0,0,0,0,0,0,0,0,0,0,0,0,0,0"
            },
            "endpoint_config": [
              {
                "is_public_ip_enabled": true,
                "nsg_ids": [],
                "subnet_id": "ocid1.subnet.oc1.eu-frankfurt-1.aaaaaaaannn5mseu5czcs2xh4qisufhqgfgm5ofl567oukllfq2gxyw6o55a"
              }
            ],
            "endpoints": [
              {
                "kubernetes": "",
                "private_endpoint": "10.0.0.6:6443",
                "public_endpoint": "89.168.78.185:6443",
                "vcn_hostname_endpoint": "co3i2vdvcxq.k8sapi.okeworkshop.oraclevcn.com:6443"
              }
            ],
            "freeform_tags": {},
            "id": "ocid1.cluster.oc1.eu-frankfurt-1.aaaaaaaa6sqixwf3rraurp2qbaidodvm5qzfq5nldp622gmu7co3i2vdvcxq",
            "image_policy_config": [
              {
                "is_policy_enabled": false,
                "key_details": []
              }
            ],
            "kms_key_id": null,
            "kubernetes_version": "v1.30.1",
            "lifecycle_details": null,
            "metadata": [
              {
                "created_by_user_id": "ocid1.user.oc1..aaaaaaaatpih4yhd4kts4n2jlljrahbfm5xqxk74au5hrakoaxu3hn2qakqa",
                "created_by_work_request_id": "ocid1.clustersworkrequest.oc1.eu-frankfurt-1.aaaaaaaapylmlgkvmpixp5y6puzs35m665jns22fqfcycyrbrwl4o3ktqaka",
                "deleted_by_user_id": "",
                "deleted_by_work_request_id": "",
                "time_created": "2024-10-27 09:38:51 +0000 UTC",
                "time_credential_expiration": "2029-10-27 09:39:28 +0000 UTC",
                "time_deleted": "",
                "time_updated": "",
                "updated_by_user_id": "",
                "updated_by_work_request_id": ""
              }
            ],
            "name": "oke-workshop",
            "options": [
              {
                "add_ons": [
                  {
                    "is_kubernetes_dashboard_enabled": false,
                    "is_tiller_enabled": false
                  }
                ],
                "admission_controller_options": [
                  {
                    "is_pod_security_policy_enabled": false
                  }
                ],
                "kubernetes_network_config": [
                  {
                    "pods_cidr": "10.244.0.0/16",
                    "services_cidr": "10.96.0.0/16"
                  }
                ],
                "persistent_volume_config": [
                  {
                    "defined_tags": {},
                    "freeform_tags": {}
                  }
                ],
                "service_lb_config": [
                  {
                    "defined_tags": {},
                    "freeform_tags": {}
                  }
                ],
                "service_lb_subnet_ids": [
                  "ocid1.subnet.oc1.eu-frankfurt-1.aaaaaaaam4hacatnalfjzzpjsqrqsbelbkp3yzvr7pwwyffuiq2dnnudprrq"
                ]
              }
            ],
            "state": "ACTIVE",
            "timeouts": null,
            "type": "ENHANCED_CLUSTER",
            "vcn_id": "ocid1.vcn.oc1.eu-frankfurt-1.amaaaaaaenqmchqaipdqa3af5bqsb6uamad6gcg3gxf6nceladtbh7kxavqa"
          },
          "sensitive_attributes": [],
          "private": "eyJlMmJmYjczMC1lY2FhLTExZTYtOGY4OC0zNDM2M2JjN2M0YzAiOnsiY3JlYXRlIjozNjAwMDAwMDAwMDAwLCJkZWxldGUiOjM2MDAwMDAwMDAwMDAsInVwZGF0ZSI6MzYwMDAwMDAwMDAwMH19",
          "dependencies": [
            "module.vcn.oci_core_default_route_table.public_route_table",
            "module.vcn.oci_core_internet_gateway.ig",
            "module.vcn.oci_core_security_list.kubernetes_api_endpoint_sec_list",
            "module.vcn.oci_core_security_list.service_lb_sec_list",
            "module.vcn.oci_core_subnet.kubernetes_api_endpoint_subnet",
            "module.vcn.oci_core_subnet.service_lb_subnet",
            "module.vcn.oci_core_vcn.vcn"
          ]
        }
      ]
    },
    {
      "module": "module.oke",
      "mode": "managed",
      "type": "oci_containerengine_node_pool",
      "name": "oke_node_pool",
      "provider": "provider[\"registry.terraform.io/hashicorp/oci\"]",
      "instances": [
        {
          "schema_version": 0,
          "attributes": {
            "cluster_id": "ocid1.cluster.oc1.eu-frankfurt-1.aaaaaaaa6sqixwf3rraurp2qbaidodvm5qzfq5nldp622gmu7co3i2vdvcxq",
            "compartment_id": "ocid1.compartment.oc1..aaaaaaaaancwtscymcqte5ejuwjta64jdkedgv7rh3gvulu5csumeh6upfpq",
            "defined_tags": {
              "Owner.Creator": "oracleidentitycloudservice/uzi.yossef@oracle.com",
              "Schedule.WeekDay": "0,0,0,0,0,1,1,1,1,1,1,1,1,1,1,1,1,0,0,0,0,0,0,0",
              "Schedule.Weekend": "0,0,0,0,0,0,0,0,0,0,0,0,0,0,0,0,0,0,0,0,0,0,0,0"
            },
            "freeform_tags": {},
            "id": "ocid1.nodepool.oc1.eu-frankfurt-1.aaaaaaaaqcjpsxjywfuo5xd2dis5szzembykhuzsutmoj6j4lnzmmlstvcjq",
            "initial_node_labels": [
              {
                "key": "name",
                "value": "oke-workshop"
              }
            ],
            "kubernetes_version": "v1.30.1",
            "lifecycle_details": null,
            "name": "pool1",
            "node_config_details": [
              {
                "defined_tags": {},
                "freeform_tags": {},
                "is_pv_encryption_in_transit_enabled": false,
                "kms_key_id": "",
                "node_pool_pod_network_option_details": [
                  {
                    "cni_type": "FLANNEL_OVERLAY",
                    "max_pods_per_node": 0,
                    "pod_nsg_ids": [],
                    "pod_subnet_ids": []
                  }
                ],
                "nsg_ids": [],
                "placement_configs": [
                  {
                    "availability_domain": "EcFq:EU-FRANKFURT-1-AD-1",
                    "capacity_reservation_id": "",
                    "fault_domains": [],
                    "preemptible_node_config": [],
                    "subnet_id": "ocid1.subnet.oc1.eu-frankfurt-1.aaaaaaaat2z6n2kgsyqvak2wlkjqrlisqdaiwj6ddb6dnocbk6j2qi25po3a"
                  }
                ],
                "size": 3
              }
            ],
            "node_eviction_node_pool_settings": [],
            "node_image_id": "ocid1.image.oc1.eu-frankfurt-1.aaaaaaaacpou4dba57cb53wflerkiut2wvauixc2tkdg6utoyhzzbtkahrsa",
            "node_image_name": "Oracle-Linux-8.9-2024.05.29-0-OKE-1.30.1-707",
            "node_metadata": {},
            "node_pool_cycling_details": [],
            "node_shape": "VM.Standard.E5.Flex",
            "node_shape_config": [
              {
                "memory_in_gbs": 12,
                "ocpus": 1
              }
            ],
            "node_source": [
              {
                "image_id": "ocid1.image.oc1.eu-frankfurt-1.aaaaaaaacpou4dba57cb53wflerkiut2wvauixc2tkdg6utoyhzzbtkahrsa",
                "source_name": "Oracle-Linux-8.9-2024.05.29-0-OKE-1.30.1-707",
                "source_type": "IMAGE"
              }
            ],
            "node_source_details": [
              {
                "boot_volume_size_in_gbs": "",
                "image_id": "ocid1.image.oc1.eu-frankfurt-1.aaaaaaaacpou4dba57cb53wflerkiut2wvauixc2tkdg6utoyhzzbtkahrsa",
                "source_type": "IMAGE"
              }
            ],
            "nodes": [
              {
                "availability_domain": "EcFq:EU-FRANKFURT-1-AD-1",
                "defined_tags": {},
                "error": [],
                "fault_domain": "FAULT-DOMAIN-1",
                "freeform_tags": {},
                "id": "ocid1.instance.oc1.eu-frankfurt-1.antheljtenqmchqcyzok7lk2qoayseyl7ctssa2xajytf4w7j64jgbrflsra",
                "kubernetes_version": "v1.30.1",
                "lifecycle_details": "",
                "name": "oke-co3i2vdvcxq-nzmmlstvcjq-sj2qi25po3a-0",
                "node_pool_id": "ocid1.nodepool.oc1.eu-frankfurt-1.aaaaaaaaqcjpsxjywfuo5xd2dis5szzembykhuzsutmoj6j4lnzmmlstvcjq",
                "private_ip": "10.0.10.6",
                "public_ip": "",
                "state": "ACTIVE",
                "subnet_id": "ocid1.subnet.oc1.eu-frankfurt-1.aaaaaaaat2z6n2kgsyqvak2wlkjqrlisqdaiwj6ddb6dnocbk6j2qi25po3a"
              },
              {
                "availability_domain": "EcFq:EU-FRANKFURT-1-AD-1",
                "defined_tags": {},
                "error": [],
                "fault_domain": "FAULT-DOMAIN-2",
                "freeform_tags": {},
                "id": "ocid1.instance.oc1.eu-frankfurt-1.antheljtenqmchqcp3m4lyhfahf53wut2di3fmmxnkbp36wt4yny7algujbq",
                "kubernetes_version": "v1.30.1",
                "lifecycle_details": "",
                "name": "oke-co3i2vdvcxq-nzmmlstvcjq-sj2qi25po3a-1",
                "node_pool_id": "ocid1.nodepool.oc1.eu-frankfurt-1.aaaaaaaaqcjpsxjywfuo5xd2dis5szzembykhuzsutmoj6j4lnzmmlstvcjq",
                "private_ip": "10.0.10.114",
                "public_ip": "",
                "state": "ACTIVE",
                "subnet_id": "ocid1.subnet.oc1.eu-frankfurt-1.aaaaaaaat2z6n2kgsyqvak2wlkjqrlisqdaiwj6ddb6dnocbk6j2qi25po3a"
              },
              {
                "availability_domain": "EcFq:EU-FRANKFURT-1-AD-1",
                "defined_tags": {},
                "error": [],
                "fault_domain": "FAULT-DOMAIN-3",
                "freeform_tags": {},
                "id": "ocid1.instance.oc1.eu-frankfurt-1.antheljtenqmchqcsqrwknbp2reaj6xq5wtemcofbfau6vngz6mwwxmv4paa",
                "kubernetes_version": "v1.30.1",
                "lifecycle_details": "",
                "name": "oke-co3i2vdvcxq-nzmmlstvcjq-sj2qi25po3a-2",
                "node_pool_id": "ocid1.nodepool.oc1.eu-frankfurt-1.aaaaaaaaqcjpsxjywfuo5xd2dis5szzembykhuzsutmoj6j4lnzmmlstvcjq",
                "private_ip": "10.0.10.171",
                "public_ip": "",
                "state": "ACTIVE",
                "subnet_id": "ocid1.subnet.oc1.eu-frankfurt-1.aaaaaaaat2z6n2kgsyqvak2wlkjqrlisqdaiwj6ddb6dnocbk6j2qi25po3a"
              }
            ],
            "quantity_per_subnet": 0,
            "ssh_public_key": null,
            "state": "ACTIVE",
            "subnet_ids": [
              "ocid1.subnet.oc1.eu-frankfurt-1.aaaaaaaat2z6n2kgsyqvak2wlkjqrlisqdaiwj6ddb6dnocbk6j2qi25po3a"
            ],
            "timeouts": null
          },
          "sensitive_attributes": [],
          "private": "eyJlMmJmYjczMC1lY2FhLTExZTYtOGY4OC0zNDM2M2JjN2M0YzAiOnsiY3JlYXRlIjozMDAwMDAwMDAwMDAwLCJkZWxldGUiOjMwMDAwMDAwMDAwMDAsInVwZGF0ZSI6MzAwMDAwMDAwMDAwMH19",
          "dependencies": [
            "module.oke.oci_containerengine_cluster.oke_cluster",
            "module.vcn.data.oci_core_services.all_services",
            "module.vcn.oci_core_default_route_table.public_route_table",
            "module.vcn.oci_core_internet_gateway.ig",
            "module.vcn.oci_core_nat_gateway.nat",
            "module.vcn.oci_core_route_table.private_route_table",
            "module.vcn.oci_core_security_list.kubernetes_api_endpoint_sec_list",
            "module.vcn.oci_core_security_list.node_sec_list",
            "module.vcn.oci_core_security_list.service_lb_sec_list",
            "module.vcn.oci_core_service_gateway.sg",
            "module.vcn.oci_core_subnet.kubernetes_api_endpoint_subnet",
            "module.vcn.oci_core_subnet.node_subnet",
            "module.vcn.oci_core_subnet.service_lb_subnet",
            "module.vcn.oci_core_vcn.vcn"
          ]
        }
      ]
    },
    {
      "module": "module.vault",
      "mode": "managed",
      "type": "oci_identity_policy",
      "name": "oke_vault_policy",
      "provider": "provider[\"registry.terraform.io/hashicorp/oci\"]",
      "instances": [
        {
          "schema_version": 0,
          "attributes": {
            "ETag": "1710f0e767a79bb7c3d96706f18882e6c025ca54",
            "compartment_id": "ocid1.tenancy.oc1..aaaaaaaa5eerf7ajzwvn4p4h7has7dg7fziwmnyyorhqo3xv3ob5lpxqczea",
            "defined_tags": {
              "Owner.Creator": "oracleidentitycloudservice/uzi.yossef@oracle.com",
              "Schedule.WeekDay": "0,0,0,0,0,1,1,1,1,1,1,1,1,1,1,1,1,0,0,0,0,0,0,0",
              "Schedule.Weekend": "0,0,0,0,0,0,0,0,0,0,0,0,0,0,0,0,0,0,0,0,0,0,0,0"
            },
            "description": "Allow OKE cluster access to secrets in vault",
            "freeform_tags": {},
            "id": "ocid1.policy.oc1..aaaaaaaarom35bdbpvrwphlsbs7ip4sqhubkcij7xntfoputx2cbfcrv365a",
            "inactive_state": null,
            "lastUpdateETag": "1710f0e767a79bb7c3d96706f18882e6c025ca54",
            "name": "MyOKEVault-policy",
            "policyHash": "fedec962db376dd1d73f92842bcba9bd",
            "state": "ACTIVE",
            "statements": [
              "Allow dynamic-group OKENodesGroup1j to read secret-bundles in compartment id ocid1.tenancy.oc1..aaaaaaaa5eerf7ajzwvn4p4h7has7dg7fziwmnyyorhqo3xv3ob5lpxqczea",
              "Allow dynamic-group OKENodesGroup1j to use keys in compartment id ocid1.tenancy.oc1..aaaaaaaa5eerf7ajzwvn4p4h7has7dg7fziwmnyyorhqo3xv3ob5lpxqczea",
              "Allow dynamic-group OKENodesGroup1j to manage secret-family in compartment id ocid1.tenancy.oc1..aaaaaaaa5eerf7ajzwvn4p4h7has7dg7fziwmnyyorhqo3xv3ob5lpxqczea"
            ],
            "time_created": "2024-10-28 13:11:46.534 +0000 UTC",
            "timeouts": null,
            "version_date": null
          },
          "sensitive_attributes": [],
          "private": "eyJlMmJmYjczMC1lY2FhLTExZTYtOGY4OC0zNDM2M2JjN2M0YzAiOnsiY3JlYXRlIjoxMjAwMDAwMDAwMDAwLCJkZWxldGUiOjEyMDAwMDAwMDAwMDAsInVwZGF0ZSI6MTIwMDAwMDAwMDAwMH19"
        }
      ]
    },
    {
      "module": "module.vault",
      "mode": "managed",
      "type": "oci_kms_key",
      "name": "key",
      "provider": "provider[\"registry.terraform.io/hashicorp/oci\"]",
      "instances": [
        {
          "schema_version": 0,
          "attributes": {
            "auto_key_rotation_details": [],
            "compartment_id": "ocid1.tenancy.oc1..aaaaaaaa5eerf7ajzwvn4p4h7has7dg7fziwmnyyorhqo3xv3ob5lpxqczea",
            "current_key_version": "ocid1.keyversion.oc1.eu-frankfurt-1.entr4creaagjo.bgylm4pavayaa.abtheljthfyhbzid5w5q6fo4hpjflquhpvefcqxd6b34co6ivgjczyhoemha",
            "defined_tags": {},
            "desired_state": "ENABLED",
            "display_name": "MyVaultKey",
            "external_key_reference": [],
            "external_key_reference_details": [],
            "freeform_tags": {},
            "id": "ocid1.key.oc1.eu-frankfurt-1.entr4creaagjo.abtheljtuzdc4vm4fitm7m2ovsyljho4mfomn5asrygjgni4sskrgcvpirka",
            "is_auto_rotation_enabled": false,
            "is_primary": true,
            "key_shape": [
              {
                "algorithm": "AES",
                "curve_id": "",
                "length": 32
              }
            ],
            "management_endpoint": "https://entr4creaagjo-management.kms.eu-frankfurt-1.oraclecloud.com",
            "protection_mode": "HSM",
            "replica_details": [],
            "restore_from_file": [],
            "restore_from_object_store": [],
            "restore_trigger": null,
            "restored_from_key_id": null,
            "state": "ENABLED",
            "time_created": "2024-10-27 09:40:19.934 +0000 UTC",
            "time_of_deletion": null,
            "timeouts": null,
            "vault_id": "ocid1.vault.oc1.eu-frankfurt-1.entr4creaagjo.abtheljrf5vzdbdwar5xazprtvyrhzvmexdw3qotmai74wb6m54xuoitx22q"
          },
          "sensitive_attributes": [],
          "private": "eyJlMmJmYjczMC1lY2FhLTExZTYtOGY4OC0zNDM2M2JjN2M0YzAiOnsiY3JlYXRlIjoxMjAwMDAwMDAwMDAwLCJkZWxldGUiOjEyMDAwMDAwMDAwMDAsInVwZGF0ZSI6MTIwMDAwMDAwMDAwMH19",
          "dependencies": [
            "module.vault.oci_kms_vault.vault"
          ]
        }
      ]
    },
    {
      "module": "module.vault",
      "mode": "managed",
      "type": "oci_kms_vault",
      "name": "vault",
      "provider": "provider[\"registry.terraform.io/hashicorp/oci\"]",
      "instances": [
        {
          "schema_version": 0,
          "attributes": {
            "compartment_id": "ocid1.tenancy.oc1..aaaaaaaa5eerf7ajzwvn4p4h7has7dg7fziwmnyyorhqo3xv3ob5lpxqczea",
            "crypto_endpoint": "https://entr4creaagjo-crypto.kms.eu-frankfurt-1.oraclecloud.com",
            "defined_tags": {
              "Owner.Creator": "oracleidentitycloudservice/uzi.yossef@oracle.com",
              "Schedule.WeekDay": "0,0,0,0,0,1,1,1,1,1,1,1,1,1,1,1,1,0,0,0,0,0,0,0",
              "Schedule.Weekend": "0,0,0,0,0,0,0,0,0,0,0,0,0,0,0,0,0,0,0,0,0,0,0,0"
            },
            "display_name": "MyOKEVault",
            "external_key_manager_metadata": [],
            "external_key_manager_metadata_summary": [],
            "freeform_tags": {},
            "id": "ocid1.vault.oc1.eu-frankfurt-1.entr4creaagjo.abtheljrf5vzdbdwar5xazprtvyrhzvmexdw3qotmai74wb6m54xuoitx22q",
            "is_primary": true,
            "is_vault_replicable": true,
            "management_endpoint": "https://entr4creaagjo-management.kms.eu-frankfurt-1.oraclecloud.com",
            "replica_details": [],
            "restore_from_file": [],
            "restore_from_object_store": [],
            "restore_trigger": null,
            "restored_from_vault_id": null,
            "state": "ACTIVE",
            "time_created": "2024-10-27 09:38:45.656 +0000 UTC",
            "time_of_deletion": null,
            "timeouts": null,
            "vault_type": "DEFAULT"
          },
          "sensitive_attributes": [],
          "private": "eyJlMmJmYjczMC1lY2FhLTExZTYtOGY4OC0zNDM2M2JjN2M0YzAiOnsiY3JlYXRlIjoxMjAwMDAwMDAwMDAwLCJkZWxldGUiOjEyMDAwMDAwMDAwMDAsInVwZGF0ZSI6MTIwMDAwMDAwMDAwMH19"
        }
      ]
    },
    {
      "module": "module.vcn",
      "mode": "data",
      "type": "oci_core_services",
      "name": "all_services",
      "provider": "provider[\"registry.terraform.io/hashicorp/oci\"]",
      "instances": [
        {
          "schema_version": 0,
          "attributes": {
            "filter": [
              {
                "name": "name",
                "regex": true,
                "values": [
                  "All .* Services In Oracle Services Network"
                ]
              }
            ],
            "id": "CoreServicesDataSource-0",
            "services": [
              {
                "cidr_block": "all-fra-services-in-oracle-services-network",
                "description": "All FRA Services In Oracle Services Network",
                "id": "ocid1.service.oc1.eu-frankfurt-1.aaaaaaaa7ncsqkj6lkz36dehifizupyn6qjqsmtepsegs23yyntnsy7qrvea",
                "name": "All FRA Services In Oracle Services Network"
              }
            ]
          },
          "sensitive_attributes": []
        }
      ]
    },
    {
      "module": "module.vcn",
      "mode": "managed",
      "type": "oci_core_default_route_table",
      "name": "public_route_table",
      "provider": "provider[\"registry.terraform.io/hashicorp/oci\"]",
      "instances": [
        {
          "schema_version": 0,
          "attributes": {
            "compartment_id": "ocid1.compartment.oc1..aaaaaaaaancwtscymcqte5ejuwjta64jdkedgv7rh3gvulu5csumeh6upfpq",
            "defined_tags": {
              "Owner.Creator": "oracleidentitycloudservice/uzi.yossef@oracle.com",
              "Schedule.WeekDay": "0,0,0,0,0,1,1,1,1,1,1,1,1,1,1,1,1,0,0,0,0,0,0,0",
              "Schedule.Weekend": "0,0,0,0,0,0,0,0,0,0,0,0,0,0,0,0,0,0,0,0,0,0,0,0"
            },
            "display_name": "oke-vcn-quick-oke-workshop-public-route-table",
            "freeform_tags": {
              "OKEclusterName": "oke-workshop"
            },
            "id": "ocid1.routetable.oc1.eu-frankfurt-1.aaaaaaaag5iqbgjikagkhgk52ujk3hzbfakkftsdhxgp5xnkyy7sflum4ruq",
            "manage_default_resource_id": "ocid1.routetable.oc1.eu-frankfurt-1.aaaaaaaag5iqbgjikagkhgk52ujk3hzbfakkftsdhxgp5xnkyy7sflum4ruq",
            "route_rules": [
              {
                "cidr_block": "",
                "description": "traffic to/from internet",
                "destination": "0.0.0.0/0",
                "destination_type": "CIDR_BLOCK",
                "network_entity_id": "ocid1.internetgateway.oc1.eu-frankfurt-1.aaaaaaaa65hkl6xnliaye3f467nt2eo3rwqvygfgljeqw32zsyafojrxhkzq",
                "route_type": ""
              }
            ],
            "state": "AVAILABLE",
            "time_created": "2024-10-27 09:38:44.406 +0000 UTC",
            "timeouts": null
          },
          "sensitive_attributes": [],
          "private": "eyJlMmJmYjczMC1lY2FhLTExZTYtOGY4OC0zNDM2M2JjN2M0YzAiOnsiY3JlYXRlIjoxMjAwMDAwMDAwMDAwLCJkZWxldGUiOjEyMDAwMDAwMDAwMDAsInVwZGF0ZSI6MTIwMDAwMDAwMDAwMH19",
          "dependencies": [
            "module.vcn.oci_core_internet_gateway.ig",
            "module.vcn.oci_core_vcn.vcn"
          ]
        }
      ]
    },
    {
      "module": "module.vcn",
      "mode": "managed",
      "type": "oci_core_internet_gateway",
      "name": "ig",
      "provider": "provider[\"registry.terraform.io/hashicorp/oci\"]",
      "instances": [
        {
          "schema_version": 0,
          "attributes": {
            "compartment_id": "ocid1.compartment.oc1..aaaaaaaaancwtscymcqte5ejuwjta64jdkedgv7rh3gvulu5csumeh6upfpq",
            "defined_tags": {
              "Owner.Creator": "oracleidentitycloudservice/uzi.yossef@oracle.com",
              "Schedule.WeekDay": "0,0,0,0,0,1,1,1,1,1,1,1,1,1,1,1,1,0,0,0,0,0,0,0",
              "Schedule.Weekend": "0,0,0,0,0,0,0,0,0,0,0,0,0,0,0,0,0,0,0,0,0,0,0,0"
            },
            "display_name": "oke-vcn-quick-oke-workshop-ig",
            "enabled": true,
            "freeform_tags": {
              "OKEclusterName": "oke-workshop"
            },
            "id": "ocid1.internetgateway.oc1.eu-frankfurt-1.aaaaaaaa65hkl6xnliaye3f467nt2eo3rwqvygfgljeqw32zsyafojrxhkzq",
            "route_table_id": null,
            "state": "AVAILABLE",
            "time_created": "2024-10-27 09:38:45.205 +0000 UTC",
            "timeouts": null,
            "vcn_id": "ocid1.vcn.oc1.eu-frankfurt-1.amaaaaaaenqmchqaipdqa3af5bqsb6uamad6gcg3gxf6nceladtbh7kxavqa"
          },
          "sensitive_attributes": [],
          "private": "eyJlMmJmYjczMC1lY2FhLTExZTYtOGY4OC0zNDM2M2JjN2M0YzAiOnsiY3JlYXRlIjoxMjAwMDAwMDAwMDAwLCJkZWxldGUiOjEyMDAwMDAwMDAwMDAsInVwZGF0ZSI6MTIwMDAwMDAwMDAwMH19",
          "dependencies": [
            "module.vcn.oci_core_vcn.vcn"
          ]
        }
      ]
    },
    {
      "module": "module.vcn",
      "mode": "managed",
      "type": "oci_core_nat_gateway",
      "name": "nat",
      "provider": "provider[\"registry.terraform.io/hashicorp/oci\"]",
      "instances": [
        {
          "schema_version": 0,
          "attributes": {
            "block_traffic": false,
            "compartment_id": "ocid1.compartment.oc1..aaaaaaaaancwtscymcqte5ejuwjta64jdkedgv7rh3gvulu5csumeh6upfpq",
            "defined_tags": {
              "Owner.Creator": "oracleidentitycloudservice/uzi.yossef@oracle.com",
              "Schedule.WeekDay": "0,0,0,0,0,1,1,1,1,1,1,1,1,1,1,1,1,0,0,0,0,0,0,0",
              "Schedule.Weekend": "0,0,0,0,0,0,0,0,0,0,0,0,0,0,0,0,0,0,0,0,0,0,0,0"
            },
            "display_name": "oke-vcn-quick-oke-workshop-nat",
            "freeform_tags": {
              "OKEclusterName": "oke-workshop"
            },
            "id": "ocid1.natgateway.oc1.eu-frankfurt-1.aaaaaaaazqwgboujbcoib27kgkiz46yerfd5467rkxuaswxfk6pcqf4yqqca",
            "nat_ip": "141.147.57.113",
            "public_ip_id": "ocid1.publicip.oc1.eu-frankfurt-1.aaaaaaaadvsrq6z7ydvwara3cppd7nfc3ba3unknducux7z2b7ciifiigigq",
            "route_table_id": null,
            "state": "AVAILABLE",
            "time_created": "2024-10-27 09:38:45.36 +0000 UTC",
            "timeouts": null,
            "vcn_id": "ocid1.vcn.oc1.eu-frankfurt-1.amaaaaaaenqmchqaipdqa3af5bqsb6uamad6gcg3gxf6nceladtbh7kxavqa"
          },
          "sensitive_attributes": [],
          "private": "eyJlMmJmYjczMC1lY2FhLTExZTYtOGY4OC0zNDM2M2JjN2M0YzAiOnsiY3JlYXRlIjoxMjAwMDAwMDAwMDAwLCJkZWxldGUiOjEyMDAwMDAwMDAwMDAsInVwZGF0ZSI6MTIwMDAwMDAwMDAwMH19",
          "dependencies": [
            "module.vcn.oci_core_vcn.vcn"
          ]
        }
      ]
    },
    {
      "module": "module.vcn",
      "mode": "managed",
      "type": "oci_core_route_table",
      "name": "private_route_table",
      "provider": "provider[\"registry.terraform.io/hashicorp/oci\"]",
      "instances": [
        {
          "schema_version": 0,
          "attributes": {
            "compartment_id": "ocid1.compartment.oc1..aaaaaaaaancwtscymcqte5ejuwjta64jdkedgv7rh3gvulu5csumeh6upfpq",
            "defined_tags": {
              "Owner.Creator": "oracleidentitycloudservice/uzi.yossef@oracle.com",
              "Schedule.WeekDay": "0,0,0,0,0,1,1,1,1,1,1,1,1,1,1,1,1,0,0,0,0,0,0,0",
              "Schedule.Weekend": "0,0,0,0,0,0,0,0,0,0,0,0,0,0,0,0,0,0,0,0,0,0,0,0"
            },
            "display_name": "oke-vcn-quick-oke-workshop-private-route-table",
            "freeform_tags": {
              "OKEclusterName": "oke-workshop"
            },
            "id": "ocid1.routetable.oc1.eu-frankfurt-1.aaaaaaaa6zoybcsctjt6gmfrmovdjmzgud7giihgmldxc6qfhjxcedkei24q",
            "route_rules": [
              {
                "cidr_block": "",
                "description": "traffic to OCI services",
                "destination": "all-fra-services-in-oracle-services-network",
                "destination_type": "SERVICE_CIDR_BLOCK",
                "network_entity_id": "ocid1.servicegateway.oc1.eu-frankfurt-1.aaaaaaaa2nocbz3to6b6jbr722ked7obkicncd3il4duk575occfrb5vof6a",
                "route_type": ""
              },
              {
                "cidr_block": "",
                "description": "traffic to the internet",
                "destination": "0.0.0.0/0",
                "destination_type": "CIDR_BLOCK",
                "network_entity_id": "ocid1.natgateway.oc1.eu-frankfurt-1.aaaaaaaazqwgboujbcoib27kgkiz46yerfd5467rkxuaswxfk6pcqf4yqqca",
                "route_type": ""
              }
            ],
            "state": "AVAILABLE",
            "time_created": "2024-10-27 09:38:47.073 +0000 UTC",
            "timeouts": null,
            "vcn_id": "ocid1.vcn.oc1.eu-frankfurt-1.amaaaaaaenqmchqaipdqa3af5bqsb6uamad6gcg3gxf6nceladtbh7kxavqa"
          },
          "sensitive_attributes": [],
          "private": "eyJlMmJmYjczMC1lY2FhLTExZTYtOGY4OC0zNDM2M2JjN2M0YzAiOnsiY3JlYXRlIjoxMjAwMDAwMDAwMDAwLCJkZWxldGUiOjEyMDAwMDAwMDAwMDAsInVwZGF0ZSI6MTIwMDAwMDAwMDAwMH19",
          "dependencies": [
            "module.vcn.data.oci_core_services.all_services",
            "module.vcn.oci_core_nat_gateway.nat",
            "module.vcn.oci_core_service_gateway.sg",
            "module.vcn.oci_core_vcn.vcn"
          ]
        }
      ]
    },
    {
      "module": "module.vcn",
      "mode": "managed",
      "type": "oci_core_security_list",
      "name": "kubernetes_api_endpoint_sec_list",
      "provider": "provider[\"registry.terraform.io/hashicorp/oci\"]",
      "instances": [
        {
          "schema_version": 0,
          "attributes": {
            "compartment_id": "ocid1.compartment.oc1..aaaaaaaaancwtscymcqte5ejuwjta64jdkedgv7rh3gvulu5csumeh6upfpq",
            "defined_tags": {
              "Owner.Creator": "oracleidentitycloudservice/uzi.yossef@oracle.com",
              "Schedule.WeekDay": "0,0,0,0,0,1,1,1,1,1,1,1,1,1,1,1,1,0,0,0,0,0,0,0",
              "Schedule.Weekend": "0,0,0,0,0,0,0,0,0,0,0,0,0,0,0,0,0,0,0,0,0,0,0,0"
            },
            "display_name": "oke-vcn-quick-oke-workshop-k8s-api-endpoint-security-list",
            "egress_security_rules": [
              {
                "description": "All traffic to worker nodes",
                "destination": "10.0.10.0/24",
                "destination_type": "CIDR_BLOCK",
                "icmp_options": [],
                "protocol": "6",
                "stateless": false,
                "tcp_options": [],
                "udp_options": []
              },
              {
                "description": "Allow Kubernetes Control Plane to communicate with OKE",
                "destination": "all-fra-services-in-oracle-services-network",
                "destination_type": "SERVICE_CIDR_BLOCK",
                "icmp_options": [],
                "protocol": "6",
                "stateless": false,
                "tcp_options": [],
                "udp_options": []
              },
              {
                "description": "Path discovery",
                "destination": "10.0.10.0/24",
                "destination_type": "CIDR_BLOCK",
                "icmp_options": [
                  {
                    "code": 4,
                    "type": 3
                  }
                ],
                "protocol": "1",
                "stateless": false,
                "tcp_options": [],
                "udp_options": []
              }
            ],
            "freeform_tags": {
              "OKEclusterName": "oke-workshop"
            },
            "id": "ocid1.securitylist.oc1.eu-frankfurt-1.aaaaaaaax7canlgwl36hg4tc3ip63z4g3yb54gkg3ay7kmmkybxljaoz4qdq",
            "ingress_security_rules": [
              {
                "description": "External access to Kubernetes API endpoint",
                "icmp_options": [],
                "protocol": "6",
                "source": "0.0.0.0/0",
                "source_type": "CIDR_BLOCK",
                "stateless": false,
                "tcp_options": [],
                "udp_options": []
              },
              {
                "description": "Kubernetes worker to Kubernetes API endpoint communication",
                "icmp_options": [],
                "protocol": "6",
                "source": "10.0.10.0/24",
                "source_type": "CIDR_BLOCK",
                "stateless": false,
                "tcp_options": [],
                "udp_options": []
              },
              {
                "description": "Kubernetes worker to control plane communication",
                "icmp_options": [],
                "protocol": "6",
                "source": "10.0.10.0/24",
                "source_type": "CIDR_BLOCK",
                "stateless": false,
                "tcp_options": [],
                "udp_options": []
              },
              {
                "description": "Path discovery",
                "icmp_options": [
                  {
                    "code": 4,
                    "type": 3
                  }
                ],
                "protocol": "1",
                "source": "10.0.10.0/24",
                "source_type": "CIDR_BLOCK",
                "stateless": false,
                "tcp_options": [],
                "udp_options": []
              }
            ],
            "state": "AVAILABLE",
            "time_created": "2024-10-27 09:38:45.224 +0000 UTC",
            "timeouts": null,
            "vcn_id": "ocid1.vcn.oc1.eu-frankfurt-1.amaaaaaaenqmchqaipdqa3af5bqsb6uamad6gcg3gxf6nceladtbh7kxavqa"
          },
          "sensitive_attributes": [],
          "private": "eyJlMmJmYjczMC1lY2FhLTExZTYtOGY4OC0zNDM2M2JjN2M0YzAiOnsiY3JlYXRlIjoxMjAwMDAwMDAwMDAwLCJkZWxldGUiOjEyMDAwMDAwMDAwMDAsInVwZGF0ZSI6MTIwMDAwMDAwMDAwMH19",
          "dependencies": [
            "module.vcn.oci_core_vcn.vcn"
          ]
        }
      ]
    },
    {
      "module": "module.vcn",
      "mode": "managed",
      "type": "oci_core_security_list",
      "name": "node_sec_list",
      "provider": "provider[\"registry.terraform.io/hashicorp/oci\"]",
      "instances": [
        {
          "schema_version": 0,
          "attributes": {
            "compartment_id": "ocid1.compartment.oc1..aaaaaaaaancwtscymcqte5ejuwjta64jdkedgv7rh3gvulu5csumeh6upfpq",
            "defined_tags": {
              "Owner.Creator": "oracleidentitycloudservice/uzi.yossef@oracle.com",
              "Schedule.WeekDay": "0,0,0,0,0,1,1,1,1,1,1,1,1,1,1,1,1,0,0,0,0,0,0,0",
              "Schedule.Weekend": "0,0,0,0,0,0,0,0,0,0,0,0,0,0,0,0,0,0,0,0,0,0,0,0"
            },
            "display_name": "oke-vcn-quick-oke-workshop-node-security-list",
            "egress_security_rules": [
              {
                "description": "Access to Kubernetes API Endpoint",
                "destination": "10.0.0.0/28",
                "destination_type": "CIDR_BLOCK",
                "icmp_options": [],
                "protocol": "6",
                "stateless": false,
                "tcp_options": [],
                "udp_options": []
              },
              {
                "description": "Allow nodes to communicate with OKE to ensure correct start-up and continued functioning",
                "destination": "all-fra-services-in-oracle-services-network",
                "destination_type": "SERVICE_CIDR_BLOCK",
                "icmp_options": [],
                "protocol": "6",
                "stateless": false,
                "tcp_options": [],
                "udp_options": []
              },
              {
                "description": "Allow pods on one worker node to communicate with pods on other worker nodes",
                "destination": "10.0.10.0/24",
                "destination_type": "CIDR_BLOCK",
                "icmp_options": [],
                "protocol": "all",
                "stateless": false,
                "tcp_options": [],
                "udp_options": []
              },
              {
                "description": "ICMP Access from Kubernetes Control Plane",
                "destination": "0.0.0.0/0",
                "destination_type": "CIDR_BLOCK",
                "icmp_options": [
                  {
                    "code": 4,
                    "type": 3
                  }
                ],
                "protocol": "1",
                "stateless": false,
                "tcp_options": [],
                "udp_options": []
              },
              {
                "description": "Kubernetes worker to control plane communication",
                "destination": "10.0.0.0/28",
                "destination_type": "CIDR_BLOCK",
                "icmp_options": [],
                "protocol": "6",
                "stateless": false,
                "tcp_options": [],
                "udp_options": []
              },
              {
                "description": "Path discovery",
                "destination": "10.0.0.0/28",
                "destination_type": "CIDR_BLOCK",
                "icmp_options": [
                  {
                    "code": 4,
                    "type": 3
                  }
                ],
                "protocol": "1",
                "stateless": false,
                "tcp_options": [],
                "udp_options": []
              },
              {
                "description": "Worker Nodes access to Internet",
                "destination": "0.0.0.0/0",
                "destination_type": "CIDR_BLOCK",
                "icmp_options": [],
                "protocol": "all",
                "stateless": false,
                "tcp_options": [],
                "udp_options": []
              }
            ],
            "freeform_tags": {
              "OKEclusterName": "oke-workshop"
            },
            "id": "ocid1.securitylist.oc1.eu-frankfurt-1.aaaaaaaaz64o4gbjlpoi2u76ggtnjva36r7vevdahnai3f2hjsnehgfu7x6q",
            "ingress_security_rules": [
              {
                "description": "Allow pods on one worker node to communicate with pods on other worker nodes",
                "icmp_options": [],
                "protocol": "all",
                "source": "10.0.10.0/24",
                "source_type": "CIDR_BLOCK",
                "stateless": false,
                "tcp_options": [],
                "udp_options": []
              },
              {
                "description": "Inbound SSH traffic to worker nodes",
                "icmp_options": [],
                "protocol": "6",
                "source": "0.0.0.0/0",
                "source_type": "CIDR_BLOCK",
                "stateless": false,
                "tcp_options": [],
                "udp_options": []
              },
              {
                "description": "Path discovery",
                "icmp_options": [
                  {
                    "code": 4,
                    "type": 3
                  }
                ],
                "protocol": "1",
                "source": "10.0.0.0/28",
                "source_type": "CIDR_BLOCK",
                "stateless": false,
                "tcp_options": [],
                "udp_options": []
              },
              {
                "description": "TCP access from Kubernetes Control Plane",
                "icmp_options": [],
                "protocol": "6",
                "source": "10.0.0.0/28",
                "source_type": "CIDR_BLOCK",
                "stateless": false,
                "tcp_options": [],
                "udp_options": []
              }
            ],
            "state": "AVAILABLE",
            "time_created": "2024-10-27 09:38:45.265 +0000 UTC",
            "timeouts": null,
            "vcn_id": "ocid1.vcn.oc1.eu-frankfurt-1.amaaaaaaenqmchqaipdqa3af5bqsb6uamad6gcg3gxf6nceladtbh7kxavqa"
          },
          "sensitive_attributes": [],
          "private": "eyJlMmJmYjczMC1lY2FhLTExZTYtOGY4OC0zNDM2M2JjN2M0YzAiOnsiY3JlYXRlIjoxMjAwMDAwMDAwMDAwLCJkZWxldGUiOjEyMDAwMDAwMDAwMDAsInVwZGF0ZSI6MTIwMDAwMDAwMDAwMH19",
          "dependencies": [
            "module.vcn.oci_core_vcn.vcn"
          ]
        }
      ]
    },
    {
      "module": "module.vcn",
      "mode": "managed",
      "type": "oci_core_security_list",
      "name": "service_lb_sec_list",
      "provider": "provider[\"registry.terraform.io/hashicorp/oci\"]",
      "instances": [
        {
          "schema_version": 0,
          "attributes": {
            "compartment_id": "ocid1.compartment.oc1..aaaaaaaaancwtscymcqte5ejuwjta64jdkedgv7rh3gvulu5csumeh6upfpq",
            "defined_tags": {
              "Owner.Creator": "oracleidentitycloudservice/uzi.yossef@oracle.com",
              "Schedule.WeekDay": "0,0,0,0,0,1,1,1,1,1,1,1,1,1,1,1,1,0,0,0,0,0,0,0",
              "Schedule.Weekend": "0,0,0,0,0,0,0,0,0,0,0,0,0,0,0,0,0,0,0,0,0,0,0,0"
            },
            "display_name": "oke-vcn-quick-oke-workshop-lb-security-list",
            "egress_security_rules": [],
            "freeform_tags": {
              "OKEclusterName": "oke-workshop"
            },
            "id": "ocid1.securitylist.oc1.eu-frankfurt-1.aaaaaaaabuynpzckgytltmlkxrvfdcasvd3qmsdssxs6ab32ch2d7xlit3jq",
            "ingress_security_rules": [],
            "state": "AVAILABLE",
            "time_created": "2024-10-27 09:38:45.194 +0000 UTC",
            "timeouts": null,
            "vcn_id": "ocid1.vcn.oc1.eu-frankfurt-1.amaaaaaaenqmchqaipdqa3af5bqsb6uamad6gcg3gxf6nceladtbh7kxavqa"
          },
          "sensitive_attributes": [],
          "private": "eyJlMmJmYjczMC1lY2FhLTExZTYtOGY4OC0zNDM2M2JjN2M0YzAiOnsiY3JlYXRlIjoxMjAwMDAwMDAwMDAwLCJkZWxldGUiOjEyMDAwMDAwMDAwMDAsInVwZGF0ZSI6MTIwMDAwMDAwMDAwMH19",
          "dependencies": [
            "module.vcn.oci_core_vcn.vcn"
          ]
        }
      ]
    },
    {
      "module": "module.vcn",
      "mode": "managed",
      "type": "oci_core_service_gateway",
      "name": "sg",
      "provider": "provider[\"registry.terraform.io/hashicorp/oci\"]",
      "instances": [
        {
          "schema_version": 0,
          "attributes": {
            "block_traffic": false,
            "compartment_id": "ocid1.compartment.oc1..aaaaaaaaancwtscymcqte5ejuwjta64jdkedgv7rh3gvulu5csumeh6upfpq",
            "defined_tags": {
              "Owner.Creator": "oracleidentitycloudservice/uzi.yossef@oracle.com",
              "Schedule.WeekDay": "0,0,0,0,0,1,1,1,1,1,1,1,1,1,1,1,1,0,0,0,0,0,0,0",
              "Schedule.Weekend": "0,0,0,0,0,0,0,0,0,0,0,0,0,0,0,0,0,0,0,0,0,0,0,0"
            },
            "display_name": "oke-vcn-quick-oke-workshop-sg",
            "freeform_tags": {
              "OKEclusterName": "oke-workshop"
            },
            "id": "ocid1.servicegateway.oc1.eu-frankfurt-1.aaaaaaaa2nocbz3to6b6jbr722ked7obkicncd3il4duk575occfrb5vof6a",
            "route_table_id": null,
            "services": [
              {
                "service_id": "ocid1.service.oc1.eu-frankfurt-1.aaaaaaaa7ncsqkj6lkz36dehifizupyn6qjqsmtepsegs23yyntnsy7qrvea",
                "service_name": "All FRA Services In Oracle Services Network"
              }
            ],
            "state": "AVAILABLE",
            "time_created": "2024-10-27 09:38:46.208 +0000 UTC",
            "timeouts": null,
            "vcn_id": "ocid1.vcn.oc1.eu-frankfurt-1.amaaaaaaenqmchqaipdqa3af5bqsb6uamad6gcg3gxf6nceladtbh7kxavqa"
          },
          "sensitive_attributes": [],
          "private": "eyJlMmJmYjczMC1lY2FhLTExZTYtOGY4OC0zNDM2M2JjN2M0YzAiOnsiY3JlYXRlIjoxMjAwMDAwMDAwMDAwLCJkZWxldGUiOjEyMDAwMDAwMDAwMDAsInVwZGF0ZSI6MTIwMDAwMDAwMDAwMH19",
          "dependencies": [
            "module.vcn.data.oci_core_services.all_services",
            "module.vcn.oci_core_vcn.vcn"
          ]
        }
      ]
    },
    {
      "module": "module.vcn",
      "mode": "managed",
      "type": "oci_core_subnet",
      "name": "kubernetes_api_endpoint_subnet",
      "provider": "provider[\"registry.terraform.io/hashicorp/oci\"]",
      "instances": [
        {
          "schema_version": 0,
          "attributes": {
            "availability_domain": null,
            "cidr_block": "10.0.0.0/28",
            "compartment_id": "ocid1.compartment.oc1..aaaaaaaaancwtscymcqte5ejuwjta64jdkedgv7rh3gvulu5csumeh6upfpq",
            "defined_tags": {
              "Owner.Creator": "oracleidentitycloudservice/uzi.yossef@oracle.com",
              "Schedule.WeekDay": "0,0,0,0,0,1,1,1,1,1,1,1,1,1,1,1,1,0,0,0,0,0,0,0",
              "Schedule.Weekend": "0,0,0,0,0,0,0,0,0,0,0,0,0,0,0,0,0,0,0,0,0,0,0,0"
            },
            "dhcp_options_id": "ocid1.dhcpoptions.oc1.eu-frankfurt-1.aaaaaaaae2oaxljagjfxf2zzkmaq7eteohtms4utbuyofxaxz76x2fv63eoq",
            "display_name": "oke-vcn-quick-oke-workshop-k8s-api-endpoint-subnet",
            "dns_label": "k8sapi",
            "freeform_tags": {
              "OKEclusterName": "oke-workshop"
            },
            "id": "ocid1.subnet.oc1.eu-frankfurt-1.aaaaaaaannn5mseu5czcs2xh4qisufhqgfgm5ofl567oukllfq2gxyw6o55a",
            "ipv6cidr_block": null,
            "ipv6cidr_blocks": [],
            "ipv6virtual_router_ip": null,
            "prohibit_internet_ingress": false,
            "prohibit_public_ip_on_vnic": false,
            "route_table_id": "ocid1.routetable.oc1.eu-frankfurt-1.aaaaaaaag5iqbgjikagkhgk52ujk3hzbfakkftsdhxgp5xnkyy7sflum4ruq",
            "security_list_ids": [
              "ocid1.securitylist.oc1.eu-frankfurt-1.aaaaaaaax7canlgwl36hg4tc3ip63z4g3yb54gkg3ay7kmmkybxljaoz4qdq"
            ],
            "state": "AVAILABLE",
            "subnet_domain_name": "k8sapi.okeworkshop.oraclevcn.com",
            "time_created": "2024-10-27 09:38:46.489 +0000 UTC",
            "timeouts": null,
            "vcn_id": "ocid1.vcn.oc1.eu-frankfurt-1.amaaaaaaenqmchqaipdqa3af5bqsb6uamad6gcg3gxf6nceladtbh7kxavqa",
            "virtual_router_ip": "10.0.0.1",
            "virtual_router_mac": "00:00:17:E3:1D:C6"
          },
          "sensitive_attributes": [],
          "private": "eyJlMmJmYjczMC1lY2FhLTExZTYtOGY4OC0zNDM2M2JjN2M0YzAiOnsiY3JlYXRlIjoxMjAwMDAwMDAwMDAwLCJkZWxldGUiOjEyMDAwMDAwMDAwMDAsInVwZGF0ZSI6MTIwMDAwMDAwMDAwMH19",
          "dependencies": [
            "module.vcn.oci_core_default_route_table.public_route_table",
            "module.vcn.oci_core_internet_gateway.ig",
            "module.vcn.oci_core_security_list.kubernetes_api_endpoint_sec_list",
            "module.vcn.oci_core_vcn.vcn"
          ]
        }
      ]
    },
    {
      "module": "module.vcn",
      "mode": "managed",
      "type": "oci_core_subnet",
      "name": "node_subnet",
      "provider": "provider[\"registry.terraform.io/hashicorp/oci\"]",
      "instances": [
        {
          "schema_version": 0,
          "attributes": {
            "availability_domain": null,
            "cidr_block": "10.0.10.0/24",
            "compartment_id": "ocid1.compartment.oc1..aaaaaaaaancwtscymcqte5ejuwjta64jdkedgv7rh3gvulu5csumeh6upfpq",
            "defined_tags": {
              "Owner.Creator": "oracleidentitycloudservice/uzi.yossef@oracle.com",
              "Schedule.WeekDay": "0,0,0,0,0,1,1,1,1,1,1,1,1,1,1,1,1,0,0,0,0,0,0,0",
              "Schedule.Weekend": "0,0,0,0,0,0,0,0,0,0,0,0,0,0,0,0,0,0,0,0,0,0,0,0"
            },
            "dhcp_options_id": "ocid1.dhcpoptions.oc1.eu-frankfurt-1.aaaaaaaae2oaxljagjfxf2zzkmaq7eteohtms4utbuyofxaxz76x2fv63eoq",
            "display_name": "oke-vcn-quick-oke-workshop-node-subnet",
            "dns_label": "nodesubnet",
            "freeform_tags": {
              "OKEclusterName": "oke-workshop"
            },
            "id": "ocid1.subnet.oc1.eu-frankfurt-1.aaaaaaaat2z6n2kgsyqvak2wlkjqrlisqdaiwj6ddb6dnocbk6j2qi25po3a",
            "ipv6cidr_block": null,
            "ipv6cidr_blocks": [],
            "ipv6virtual_router_ip": null,
            "prohibit_internet_ingress": true,
            "prohibit_public_ip_on_vnic": true,
            "route_table_id": "ocid1.routetable.oc1.eu-frankfurt-1.aaaaaaaa6zoybcsctjt6gmfrmovdjmzgud7giihgmldxc6qfhjxcedkei24q",
            "security_list_ids": [
              "ocid1.securitylist.oc1.eu-frankfurt-1.aaaaaaaaz64o4gbjlpoi2u76ggtnjva36r7vevdahnai3f2hjsnehgfu7x6q"
            ],
            "state": "AVAILABLE",
            "subnet_domain_name": "nodesubnet.okeworkshop.oraclevcn.com",
            "time_created": "2024-10-27 09:38:47.627 +0000 UTC",
            "timeouts": null,
            "vcn_id": "ocid1.vcn.oc1.eu-frankfurt-1.amaaaaaaenqmchqaipdqa3af5bqsb6uamad6gcg3gxf6nceladtbh7kxavqa",
            "virtual_router_ip": "10.0.10.1",
            "virtual_router_mac": "00:00:17:E3:1D:C6"
          },
          "sensitive_attributes": [],
          "private": "eyJlMmJmYjczMC1lY2FhLTExZTYtOGY4OC0zNDM2M2JjN2M0YzAiOnsiY3JlYXRlIjoxMjAwMDAwMDAwMDAwLCJkZWxldGUiOjEyMDAwMDAwMDAwMDAsInVwZGF0ZSI6MTIwMDAwMDAwMDAwMH19",
          "dependencies": [
            "module.vcn.data.oci_core_services.all_services",
            "module.vcn.oci_core_nat_gateway.nat",
            "module.vcn.oci_core_route_table.private_route_table",
            "module.vcn.oci_core_security_list.node_sec_list",
            "module.vcn.oci_core_service_gateway.sg",
            "module.vcn.oci_core_vcn.vcn"
          ]
        }
      ]
    },
    {
      "module": "module.vcn",
      "mode": "managed",
      "type": "oci_core_subnet",
      "name": "service_lb_subnet",
      "provider": "provider[\"registry.terraform.io/hashicorp/oci\"]",
      "instances": [
        {
          "schema_version": 0,
          "attributes": {
            "availability_domain": null,
            "cidr_block": "10.0.20.0/24",
            "compartment_id": "ocid1.compartment.oc1..aaaaaaaaancwtscymcqte5ejuwjta64jdkedgv7rh3gvulu5csumeh6upfpq",
            "defined_tags": {
              "Owner.Creator": "oracleidentitycloudservice/uzi.yossef@oracle.com",
              "Schedule.WeekDay": "0,0,0,0,0,1,1,1,1,1,1,1,1,1,1,1,1,0,0,0,0,0,0,0",
              "Schedule.Weekend": "0,0,0,0,0,0,0,0,0,0,0,0,0,0,0,0,0,0,0,0,0,0,0,0"
            },
            "dhcp_options_id": "ocid1.dhcpoptions.oc1.eu-frankfurt-1.aaaaaaaae2oaxljagjfxf2zzkmaq7eteohtms4utbuyofxaxz76x2fv63eoq",
            "display_name": "oke-vcn-quick-oke-workshop-lb-subnet",
            "dns_label": "lbsubnet",
            "freeform_tags": {
              "OKEclusterName": "oke-workshop"
            },
            "id": "ocid1.subnet.oc1.eu-frankfurt-1.aaaaaaaam4hacatnalfjzzpjsqrqsbelbkp3yzvr7pwwyffuiq2dnnudprrq",
            "ipv6cidr_block": null,
            "ipv6cidr_blocks": [],
            "ipv6virtual_router_ip": null,
            "prohibit_internet_ingress": false,
            "prohibit_public_ip_on_vnic": false,
            "route_table_id": "ocid1.routetable.oc1.eu-frankfurt-1.aaaaaaaag5iqbgjikagkhgk52ujk3hzbfakkftsdhxgp5xnkyy7sflum4ruq",
            "security_list_ids": [
              "ocid1.securitylist.oc1.eu-frankfurt-1.aaaaaaaabuynpzckgytltmlkxrvfdcasvd3qmsdssxs6ab32ch2d7xlit3jq"
            ],
            "state": "AVAILABLE",
            "subnet_domain_name": "lbsubnet.okeworkshop.oraclevcn.com",
            "time_created": "2024-10-27 09:38:46.281 +0000 UTC",
            "timeouts": null,
            "vcn_id": "ocid1.vcn.oc1.eu-frankfurt-1.amaaaaaaenqmchqaipdqa3af5bqsb6uamad6gcg3gxf6nceladtbh7kxavqa",
            "virtual_router_ip": "10.0.20.1",
            "virtual_router_mac": "00:00:17:E3:1D:C6"
          },
          "sensitive_attributes": [],
          "private": "eyJlMmJmYjczMC1lY2FhLTExZTYtOGY4OC0zNDM2M2JjN2M0YzAiOnsiY3JlYXRlIjoxMjAwMDAwMDAwMDAwLCJkZWxldGUiOjEyMDAwMDAwMDAwMDAsInVwZGF0ZSI6MTIwMDAwMDAwMDAwMH19",
          "dependencies": [
            "module.vcn.oci_core_default_route_table.public_route_table",
            "module.vcn.oci_core_internet_gateway.ig",
            "module.vcn.oci_core_security_list.service_lb_sec_list",
            "module.vcn.oci_core_vcn.vcn"
          ]
        }
      ]
    },
    {
      "module": "module.vcn",
      "mode": "managed",
      "type": "oci_core_vcn",
      "name": "vcn",
      "provider": "provider[\"registry.terraform.io/hashicorp/oci\"]",
      "instances": [
        {
          "schema_version": 0,
          "attributes": {
            "byoipv6cidr_blocks": [],
            "byoipv6cidr_details": [],
            "cidr_block": "10.0.0.0/16",
            "cidr_blocks": [
              "10.0.0.0/16"
            ],
            "compartment_id": "ocid1.compartment.oc1..aaaaaaaaancwtscymcqte5ejuwjta64jdkedgv7rh3gvulu5csumeh6upfpq",
            "default_dhcp_options_id": "ocid1.dhcpoptions.oc1.eu-frankfurt-1.aaaaaaaae2oaxljagjfxf2zzkmaq7eteohtms4utbuyofxaxz76x2fv63eoq",
            "default_route_table_id": "ocid1.routetable.oc1.eu-frankfurt-1.aaaaaaaag5iqbgjikagkhgk52ujk3hzbfakkftsdhxgp5xnkyy7sflum4ruq",
            "default_security_list_id": "ocid1.securitylist.oc1.eu-frankfurt-1.aaaaaaaamazhwv65jbpgtlljc7kzhrjntpgsa7znrvriphqhbum2nqkggbnq",
            "defined_tags": {
              "Owner.Creator": "oracleidentitycloudservice/uzi.yossef@oracle.com",
              "Schedule.WeekDay": "0,0,0,0,0,1,1,1,1,1,1,1,1,1,1,1,1,0,0,0,0,0,0,0",
              "Schedule.Weekend": "0,0,0,0,0,0,0,0,0,0,0,0,0,0,0,0,0,0,0,0,0,0,0,0"
            },
            "display_name": "oke-vcn-quick-oke-workshop",
            "dns_label": "okeworkshop",
            "freeform_tags": {
              "OKEclusterName": "oke-workshop"
            },
            "id": "ocid1.vcn.oc1.eu-frankfurt-1.amaaaaaaenqmchqaipdqa3af5bqsb6uamad6gcg3gxf6nceladtbh7kxavqa",
            "ipv6cidr_blocks": [],
            "ipv6private_cidr_blocks": [],
            "is_ipv6enabled": false,
            "is_oracle_gua_allocation_enabled": null,
            "state": "AVAILABLE",
            "time_created": "2024-10-27 09:38:44.406 +0000 UTC",
            "timeouts": null,
            "vcn_domain_name": "okeworkshop.oraclevcn.com"
          },
          "sensitive_attributes": [],
          "private": "eyJlMmJmYjczMC1lY2FhLTExZTYtOGY4OC0zNDM2M2JjN2M0YzAiOnsiY3JlYXRlIjoxMjAwMDAwMDAwMDAwLCJkZWxldGUiOjEyMDAwMDAwMDAwMDAsInVwZGF0ZSI6MTIwMDAwMDAwMDAwMH19"
        }
      ]
    }
  ],
  "check_results": null
}
